PODS:
  - Nimble (3.2.0)
  - Quick (0.9.1)
  - Swinject (1.1.1)

DEPENDENCIES:
  - Nimble (from `https://github.com/Quick/Nimble.git`)
  - Quick
  - Swinject

EXTERNAL SOURCES:
  Nimble:
    :git: https://github.com/Quick/Nimble.git

CHECKOUT OPTIONS:
  Nimble:
    :commit: 918ce7db50c532cdaa6f0cc79c438f612d82b444
    :git: https://github.com/Quick/Nimble.git

SPEC CHECKSUMS:
  Nimble: 703854335d181df169bbca9c97117b5cf8c47c1d
  Quick: a5221fc21788b6aeda934805e68b061839bc3165
  Swinject: 8c1b46e49c604f8c5c1f45f92ef314d3736bbef4

COCOAPODS: 0.39.0
