PODS:
  - Crashlytics (3.7.0):
    - Fabric (~> 1.6.3)
  - Fabric (1.6.7)
  - Nimble (3.2.0)
  - Quick (0.9.1)
  - Swinject (1.1.1)

DEPENDENCIES:
  - Crashlytics
  - Fabric
  - Nimble
  - Quick
  - Swinject

SPEC CHECKSUMS:
  Crashlytics: c3a2333dea9e2733d2777f730910321fc9e25c0d
  Fabric: caf7580c725e64db144f610ac65cd60956911dc7
  Nimble: 703854335d181df169bbca9c97117b5cf8c47c1d
  Quick: a5221fc21788b6aeda934805e68b061839bc3165
  Swinject: 8c1b46e49c604f8c5c1f45f92ef314d3736bbef4

COCOAPODS: 0.39.0
