// !$*UTF8*$!
{
	archiveVersion = 1;
	classes = {
	};
	objectVersion = 46;
	objects = {

/* Begin PBXBuildFile section */
		AE9C65681CA4508E0017DDF2 /* AppDelegate.swift in Sources */ = {isa = PBXBuildFile; fileRef = AE9C65671CA4508E0017DDF2 /* AppDelegate.swift */; };
		AE9C656F1CA4508E0017DDF2 /* Assets.xcassets in Resources */ = {isa = PBXBuildFile; fileRef = AE9C656E1CA4508E0017DDF2 /* Assets.xcassets */; };
		AE4D9DE61CA48C990037EC59 /* FakePivotsService.swift in Sources */ = {isa = PBXBuildFile; fileRef = AE4D9DE51CA48C990037EC59 /* FakePivotsService.swift */; };
		AE9C65721CA4508E0017DDF2 /* LaunchScreen.storyboard in Resources */ = {isa = PBXBuildFile; fileRef = AE9C65701CA4508E0017DDF2 /* LaunchScreen.storyboard */; };
		AE9C656D1CA4508E0017DDF2 /* Main.storyboard in Resources */ = {isa = PBXBuildFile; fileRef = AE9C656B1CA4508E0017DDF2 /* Main.storyboard */; };
		AE4D9DE91CA48D170037EC59 /* Pivot.swift in Sources */ = {isa = PBXBuildFile; fileRef = AE4D9DE81CA48D170037EC59 /* Pivot.swift */; };
		AE4D9DE21CA472350037EC59 /* PivotsService.swift in Sources */ = {isa = PBXBuildFile; fileRef = AE4D9DE11CA472350037EC59 /* PivotsService.swift */; };
		65F99F08E14C94BB9ECBB64C /* Pods_WhackAPivotSwift.framework in Frameworks */ = {isa = PBXBuildFile; fileRef = 24ADDDE900C94BD3ACDDFA3D /* Pods_WhackAPivotSwift.framework */; };
		9CE9D6C16A1DDBB43F38A4F9 /* Pods_WhackAPivotSwiftTests.framework in Frameworks */ = {isa = PBXBuildFile; fileRef = EBF3A08CCB51F4265A9DB5E2 /* Pods_WhackAPivotSwiftTests.framework */; };
		AE35FA7E1CA5EC110083EFE2 /* SwinjectSpec.swift in Sources */ = {isa = PBXBuildFile; fileRef = AE35FA7D1CA5EC110083EFE2 /* SwinjectSpec.swift */; };
		AE4D9DE01CA4710D0037EC59 /* SwinjectStoryboard+Setup.swift in Sources */ = {isa = PBXBuildFile; fileRef = AE4D9DDF1CA4710D0037EC59 /* SwinjectStoryboard+Setup.swift */; };
		AE133DE01CA4ADD3002721E6 /* TestAppDelegate.swift in Sources */ = {isa = PBXBuildFile; fileRef = AE133DDF1CA4ADD3002721E6 /* TestAppDelegate.swift */; };
		AE35FA7B1CA5E8180083EFE2 /* TestAppDelegate.swift in Sources */ = {isa = PBXBuildFile; fileRef = AE133DDF1CA4ADD3002721E6 /* TestAppDelegate.swift */; };
		AE9C656A1CA4508E0017DDF2 /* ViewController.swift in Sources */ = {isa = PBXBuildFile; fileRef = AE9C65691CA4508E0017DDF2 /* ViewController.swift */; };
		AE9C657D1CA4508E0017DDF2 /* ViewControllerSpec.swift in Sources */ = {isa = PBXBuildFile; fileRef = AE9C657C1CA4508E0017DDF2 /* ViewControllerSpec.swift */; };
		AE9C65881CA4508E0017DDF2 /* WhackAPivotSwiftUITests.swift in Sources */ = {isa = PBXBuildFile; fileRef = AE9C65871CA4508E0017DDF2 /* WhackAPivotSwiftUITests.swift */; };
		AE35FAE81CAAEB0C0083EFE2 /* main.swift in Sources */ = {isa = PBXBuildFile; fileRef = AE35FAE71CAAEB0C0083EFE2 /* main.swift */; };
/* End PBXBuildFile section */

/* Begin PBXContainerItemProxy section */
		AE9C65791CA4508E0017DDF2 /* PBXContainerItemProxy */ = {
			isa = PBXContainerItemProxy;
			containerPortal = AE9C655C1CA4508E0017DDF2 /* Project object */;
			proxyType = 1;
			remoteGlobalIDString = AE9C65631CA4508E0017DDF2;
			remoteInfo = WhackAPivotSwift;
		};
		AE9C65841CA4508E0017DDF2 /* PBXContainerItemProxy */ = {
			isa = PBXContainerItemProxy;
			containerPortal = AE9C655C1CA4508E0017DDF2 /* Project object */;
			proxyType = 1;
			remoteGlobalIDString = AE9C65631CA4508E0017DDF2;
			remoteInfo = WhackAPivotSwift;
		};
/* End PBXContainerItemProxy section */

/* Begin PBXFileReference section */
		AE9C65671CA4508E0017DDF2 /* AppDelegate.swift */ = {isa = PBXFileReference; lastKnownFileType = sourcecode.swift; path = AppDelegate.swift; sourceTree = "<group>"; };
		AE9C656E1CA4508E0017DDF2 /* Assets.xcassets */ = {isa = PBXFileReference; lastKnownFileType = folder.assetcatalog; path = Assets.xcassets; sourceTree = "<group>"; };
		AE9C656C1CA4508E0017DDF2 /* Base */ = {isa = PBXFileReference; lastKnownFileType = file.storyboard; name = Base; path = Base.lproj/Main.storyboard; sourceTree = "<group>"; };
		AE9C65711CA4508E0017DDF2 /* Base */ = {isa = PBXFileReference; lastKnownFileType = file.storyboard; name = Base; path = Base.lproj/LaunchScreen.storyboard; sourceTree = "<group>"; };
		AE4D9DE51CA48C990037EC59 /* FakePivotsService.swift */ = {isa = PBXFileReference; fileEncoding = 4; lastKnownFileType = sourcecode.swift; path = FakePivotsService.swift; sourceTree = "<group>"; };
		AE9C65731CA4508E0017DDF2 /* Info.plist */ = {isa = PBXFileReference; lastKnownFileType = text.plist.xml; path = Info.plist; sourceTree = "<group>"; };
		AE9C657E1CA4508E0017DDF2 /* Info.plist */ = {isa = PBXFileReference; lastKnownFileType = text.plist.xml; path = Info.plist; sourceTree = "<group>"; };
		AE9C65891CA4508E0017DDF2 /* Info.plist */ = {isa = PBXFileReference; lastKnownFileType = text.plist.xml; path = Info.plist; sourceTree = "<group>"; };
		AE3B6DA41CA456100018706F /* Nimble.framework */ = {isa = PBXFileReference; lastKnownFileType = wrapper.framework; name = Nimble.framework; path = "Pods/../build/Debug-iphoneos/Nimble.framework"; sourceTree = "<group>"; };
		AE4D9DE81CA48D170037EC59 /* Pivot.swift */ = {isa = PBXFileReference; fileEncoding = 4; lastKnownFileType = sourcecode.swift; path = Pivot.swift; sourceTree = "<group>"; };
		AE4D9DE11CA472350037EC59 /* PivotsService.swift */ = {isa = PBXFileReference; fileEncoding = 4; lastKnownFileType = sourcecode.swift; path = PivotsService.swift; sourceTree = "<group>"; };
		9902A65C5C8765A1DF63D710 /* Pods-WhackAPivotSwift.debug.xcconfig */ = {isa = PBXFileReference; includeInIndex = 1; lastKnownFileType = text.xcconfig; name = "Pods-WhackAPivotSwift.debug.xcconfig"; path = "Pods/Target Support Files/Pods-WhackAPivotSwift/Pods-WhackAPivotSwift.debug.xcconfig"; sourceTree = "<group>"; };
		DCF87B72EF1E197CD6BAB99D /* Pods-WhackAPivotSwift.release.xcconfig */ = {isa = PBXFileReference; includeInIndex = 1; lastKnownFileType = text.xcconfig; name = "Pods-WhackAPivotSwift.release.xcconfig"; path = "Pods/Target Support Files/Pods-WhackAPivotSwift/Pods-WhackAPivotSwift.release.xcconfig"; sourceTree = "<group>"; };
		6B5012F94A425348A0AD92AC /* Pods-WhackAPivotSwiftTests.debug.xcconfig */ = {isa = PBXFileReference; includeInIndex = 1; lastKnownFileType = text.xcconfig; name = "Pods-WhackAPivotSwiftTests.debug.xcconfig"; path = "Pods/Target Support Files/Pods-WhackAPivotSwiftTests/Pods-WhackAPivotSwiftTests.debug.xcconfig"; sourceTree = "<group>"; };
		E406990A24A3B2F5C30DB9C5 /* Pods-WhackAPivotSwiftTests.release.xcconfig */ = {isa = PBXFileReference; includeInIndex = 1; lastKnownFileType = text.xcconfig; name = "Pods-WhackAPivotSwiftTests.release.xcconfig"; path = "Pods/Target Support Files/Pods-WhackAPivotSwiftTests/Pods-WhackAPivotSwiftTests.release.xcconfig"; sourceTree = "<group>"; };
		24ADDDE900C94BD3ACDDFA3D /* Pods_WhackAPivotSwift.framework */ = {isa = PBXFileReference; explicitFileType = wrapper.framework; includeInIndex = 0; path = Pods_WhackAPivotSwift.framework; sourceTree = BUILT_PRODUCTS_DIR; };
		AE3B6DAA1CA45BF30018706F /* Pods_WhackAPivotSwiftTests.framework */ = {isa = PBXFileReference; lastKnownFileType = wrapper.framework; name = Pods_WhackAPivotSwiftTests.framework; path = "Pods/../build/Debug-iphoneos/Pods_WhackAPivotSwiftTests.framework"; sourceTree = "<group>"; };
		EBF3A08CCB51F4265A9DB5E2 /* Pods_WhackAPivotSwiftTests.framework */ = {isa = PBXFileReference; explicitFileType = wrapper.framework; includeInIndex = 0; path = Pods_WhackAPivotSwiftTests.framework; sourceTree = BUILT_PRODUCTS_DIR; };
		AE3B6DA51CA456100018706F /* Quick.framework */ = {isa = PBXFileReference; lastKnownFileType = wrapper.framework; name = Quick.framework; path = "Pods/../build/Debug-iphoneos/Quick.framework"; sourceTree = "<group>"; };
		AE3B6DA61CA456100018706F /* Swinject.framework */ = {isa = PBXFileReference; lastKnownFileType = wrapper.framework; name = Swinject.framework; path = "Pods/../build/Debug-iphoneos/Swinject.framework"; sourceTree = "<group>"; };
		AE35FA7D1CA5EC110083EFE2 /* SwinjectSpec.swift */ = {isa = PBXFileReference; fileEncoding = 4; lastKnownFileType = sourcecode.swift; path = SwinjectSpec.swift; sourceTree = "<group>"; };
		AE4D9DDF1CA4710D0037EC59 /* SwinjectStoryboard+Setup.swift */ = {isa = PBXFileReference; fileEncoding = 4; lastKnownFileType = sourcecode.swift; path = "SwinjectStoryboard+Setup.swift"; sourceTree = "<group>"; };
		AE133DDF1CA4ADD3002721E6 /* TestAppDelegate.swift */ = {isa = PBXFileReference; fileEncoding = 4; lastKnownFileType = sourcecode.swift; path = TestAppDelegate.swift; sourceTree = "<group>"; };
		AE9C65691CA4508E0017DDF2 /* ViewController.swift */ = {isa = PBXFileReference; lastKnownFileType = sourcecode.swift; path = ViewController.swift; sourceTree = "<group>"; };
		AE9C657C1CA4508E0017DDF2 /* ViewControllerSpec.swift */ = {isa = PBXFileReference; lastKnownFileType = sourcecode.swift; path = ViewControllerSpec.swift; sourceTree = "<group>"; };
		AE9C65641CA4508E0017DDF2 /* WhackAPivotSwift.app */ = {isa = PBXFileReference; explicitFileType = wrapper.application; includeInIndex = 0; path = WhackAPivotSwift.app; sourceTree = BUILT_PRODUCTS_DIR; };
		AE9C65781CA4508E0017DDF2 /* WhackAPivotSwiftTests.xctest */ = {isa = PBXFileReference; explicitFileType = wrapper.cfbundle; includeInIndex = 0; path = WhackAPivotSwiftTests.xctest; sourceTree = BUILT_PRODUCTS_DIR; };
		AE9C65871CA4508E0017DDF2 /* WhackAPivotSwiftUITests.swift */ = {isa = PBXFileReference; lastKnownFileType = sourcecode.swift; path = WhackAPivotSwiftUITests.swift; sourceTree = "<group>"; };
		AE9C65831CA4508E0017DDF2 /* WhackAPivotSwiftUITests.xctest */ = {isa = PBXFileReference; explicitFileType = wrapper.cfbundle; includeInIndex = 0; path = WhackAPivotSwiftUITests.xctest; sourceTree = BUILT_PRODUCTS_DIR; };
		AE35FAE71CAAEB0C0083EFE2 /* main.swift */ = {isa = PBXFileReference; fileEncoding = 4; lastKnownFileType = sourcecode.swift; path = main.swift; sourceTree = "<group>"; };
/* End PBXFileReference section */

/* Begin PBXFrameworksBuildPhase section */
		AE9C65611CA4508E0017DDF2 /* Frameworks */ = {
			isa = PBXFrameworksBuildPhase;
			buildActionMask = 2147483647;
			files = (
				65F99F08E14C94BB9ECBB64C /* Pods_WhackAPivotSwift.framework in Frameworks */,
			);
			runOnlyForDeploymentPostprocessing = 0;
		};
		AE9C65751CA4508E0017DDF2 /* Frameworks */ = {
			isa = PBXFrameworksBuildPhase;
			buildActionMask = 2147483647;
			files = (
				9CE9D6C16A1DDBB43F38A4F9 /* Pods_WhackAPivotSwiftTests.framework in Frameworks */,
			);
			runOnlyForDeploymentPostprocessing = 0;
		};
		AE9C65801CA4508E0017DDF2 /* Frameworks */ = {
			isa = PBXFrameworksBuildPhase;
			buildActionMask = 2147483647;
			files = (
			);
			runOnlyForDeploymentPostprocessing = 0;
		};
/* End PBXFrameworksBuildPhase section */

/* Begin PBXGroup section */
		AE9C655B1CA4508E0017DDF2 = {
			isa = PBXGroup;
			children = (
				8554DB280D7803B8844523E9 /* Frameworks */,
				12D989BDB9DAC914AF963D17 /* Pods */,
				AE9C65651CA4508E0017DDF2 /* Products */,
				AE9C65661CA4508E0017DDF2 /* WhackAPivotSwift */,
				AE9C657B1CA4508E0017DDF2 /* WhackAPivotSwiftTests */,
				AE9C65861CA4508E0017DDF2 /* WhackAPivotSwiftUITests */,
			);
			sourceTree = "<group>";
		};
		AE35FA781CA5E7D40083EFE2 /* Controllers */ = {
			isa = PBXGroup;
			children = (
				AE9C65691CA4508E0017DDF2 /* ViewController.swift */,
			);
			name = Controllers;
			sourceTree = "<group>";
		};
		AE35FA791CA5E7EC0083EFE2 /* Controllers */ = {
			isa = PBXGroup;
			children = (
				AE35FA7A1CA5E7F50083EFE2 /* Fakes */,
				AE9C657C1CA4508E0017DDF2 /* ViewControllerSpec.swift */,
			);
			name = Controllers;
			sourceTree = "<group>";
		};
		AE35FA7A1CA5E7F50083EFE2 /* Fakes */ = {
			isa = PBXGroup;
			children = (
				AE4D9DE51CA48C990037EC59 /* FakePivotsService.swift */,
			);
			name = Fakes;
			sourceTree = "<group>";
		};
		8554DB280D7803B8844523E9 /* Frameworks */ = {
			isa = PBXGroup;
			children = (
				AE3B6DA41CA456100018706F /* Nimble.framework */,
				24ADDDE900C94BD3ACDDFA3D /* Pods_WhackAPivotSwift.framework */,
				AE3B6DAA1CA45BF30018706F /* Pods_WhackAPivotSwiftTests.framework */,
				EBF3A08CCB51F4265A9DB5E2 /* Pods_WhackAPivotSwiftTests.framework */,
				AE3B6DA51CA456100018706F /* Quick.framework */,
				AE3B6DA61CA456100018706F /* Swinject.framework */,
			);
			name = Frameworks;
			sourceTree = "<group>";
		};
		AE4D9DE71CA48CF40037EC59 /* Models */ = {
			isa = PBXGroup;
			children = (
				AE4D9DE81CA48D170037EC59 /* Pivot.swift */,
			);
			name = Models;
			sourceTree = "<group>";
		};
		12D989BDB9DAC914AF963D17 /* Pods */ = {
			isa = PBXGroup;
			children = (
				9902A65C5C8765A1DF63D710 /* Pods-WhackAPivotSwift.debug.xcconfig */,
				DCF87B72EF1E197CD6BAB99D /* Pods-WhackAPivotSwift.release.xcconfig */,
				6B5012F94A425348A0AD92AC /* Pods-WhackAPivotSwiftTests.debug.xcconfig */,
				E406990A24A3B2F5C30DB9C5 /* Pods-WhackAPivotSwiftTests.release.xcconfig */,
			);
			name = Pods;
			sourceTree = "<group>";
		};
		AE9C65651CA4508E0017DDF2 /* Products */ = {
			isa = PBXGroup;
			children = (
				AE9C65641CA4508E0017DDF2 /* WhackAPivotSwift.app */,
				AE9C65781CA4508E0017DDF2 /* WhackAPivotSwiftTests.xctest */,
				AE9C65831CA4508E0017DDF2 /* WhackAPivotSwiftUITests.xctest */,
			);
			name = Products;
			sourceTree = "<group>";
		};
		AE4D9DE31CA48C2B0037EC59 /* Services */ = {
			isa = PBXGroup;
			children = (
				AE4D9DE11CA472350037EC59 /* PivotsService.swift */,
			);
			name = Services;
			sourceTree = "<group>";
		};
		AE35FA771CA5E7C20083EFE2 /* Storyboards */ = {
			isa = PBXGroup;
			children = (
				AE9C65701CA4508E0017DDF2 /* LaunchScreen.storyboard */,
				AE9C656B1CA4508E0017DDF2 /* Main.storyboard */,
				AE4D9DDF1CA4710D0037EC59 /* SwinjectStoryboard+Setup.swift */,
			);
			name = Storyboards;
			sourceTree = "<group>";
		};
		AE35FA7C1CA5EBFF0083EFE2 /* Support */ = {
			isa = PBXGroup;
			children = (
				AE35FA7D1CA5EC110083EFE2 /* SwinjectSpec.swift */,
			);
			name = Support;
			sourceTree = "<group>";
		};
		AE9C65661CA4508E0017DDF2 /* WhackAPivotSwift */ = {
			isa = PBXGroup;
			children = (
				AE9C65671CA4508E0017DDF2 /* AppDelegate.swift */,
				AE9C656E1CA4508E0017DDF2 /* Assets.xcassets */,
				AE35FA781CA5E7D40083EFE2 /* Controllers */,
				AE9C65731CA4508E0017DDF2 /* Info.plist */,
				AE4D9DE71CA48CF40037EC59 /* Models */,
				AE4D9DE31CA48C2B0037EC59 /* Services */,
				AE35FA771CA5E7C20083EFE2 /* Storyboards */,
				AE35FAE71CAAEB0C0083EFE2 /* main.swift */,
			);
			path = WhackAPivotSwift;
			sourceTree = "<group>";
		};
		AE9C657B1CA4508E0017DDF2 /* WhackAPivotSwiftTests */ = {
			isa = PBXGroup;
			children = (
				AE35FA791CA5E7EC0083EFE2 /* Controllers */,
				AE9C657E1CA4508E0017DDF2 /* Info.plist */,
				AE35FA7C1CA5EBFF0083EFE2 /* Support */,
				AE133DDF1CA4ADD3002721E6 /* TestAppDelegate.swift */,
			);
			path = WhackAPivotSwiftTests;
			sourceTree = "<group>";
		};
		AE9C65861CA4508E0017DDF2 /* WhackAPivotSwiftUITests */ = {
			isa = PBXGroup;
			children = (
				AE9C65891CA4508E0017DDF2 /* Info.plist */,
				AE9C65871CA4508E0017DDF2 /* WhackAPivotSwiftUITests.swift */,
			);
			path = WhackAPivotSwiftUITests;
			sourceTree = "<group>";
		};
/* End PBXGroup section */

/* Begin PBXNativeTarget section */
		AE9C65631CA4508E0017DDF2 /* WhackAPivotSwift */ = {
			isa = PBXNativeTarget;
			buildConfigurationList = AE9C658C1CA4508E0017DDF2 /* Build configuration list for PBXNativeTarget "WhackAPivotSwift" */;
			buildPhases = (
				178495FDDBE31181B9BEA04D /* Check Pods Manifest.lock */,
				AE9C65601CA4508E0017DDF2 /* Sources */,
				AE9C65611CA4508E0017DDF2 /* Frameworks */,
				AE9C65621CA4508E0017DDF2 /* Resources */,
				4EFC839D91729F9A01D9C741 /* Embed Pods Frameworks */,
				9368DD8DC3EAF44EC34C57CC /* Copy Pods Resources */,
			);
			buildRules = (
			);
			dependencies = (
			);
			name = WhackAPivotSwift;
			productName = WhackAPivotSwift;
			productReference = AE9C65641CA4508E0017DDF2 /* WhackAPivotSwift.app */;
			productType = "com.apple.product-type.application";
		};
		AE9C65771CA4508E0017DDF2 /* WhackAPivotSwiftTests */ = {
			isa = PBXNativeTarget;
			buildConfigurationList = AE9C658F1CA4508E0017DDF2 /* Build configuration list for PBXNativeTarget "WhackAPivotSwiftTests" */;
			buildPhases = (
				2A49006CBDF68D738886DE66 /* Check Pods Manifest.lock */,
				AE9C65741CA4508E0017DDF2 /* Sources */,
				AE9C65751CA4508E0017DDF2 /* Frameworks */,
				AE9C65761CA4508E0017DDF2 /* Resources */,
				CCFFA8875EE5F2FEAB8CB4FE /* Embed Pods Frameworks */,
				27F2AF61AF63225A20973302 /* Copy Pods Resources */,
			);
			buildRules = (
			);
			dependencies = (
				AE9C657A1CA4508E0017DDF2 /* PBXTargetDependency */,
			);
			name = WhackAPivotSwiftTests;
			productName = WhackAPivotSwiftTests;
			productReference = AE9C65781CA4508E0017DDF2 /* WhackAPivotSwiftTests.xctest */;
			productType = "com.apple.product-type.bundle.unit-test";
		};
		AE9C65821CA4508E0017DDF2 /* WhackAPivotSwiftUITests */ = {
			isa = PBXNativeTarget;
			buildConfigurationList = AE9C65921CA4508E0017DDF2 /* Build configuration list for PBXNativeTarget "WhackAPivotSwiftUITests" */;
			buildPhases = (
				AE9C657F1CA4508E0017DDF2 /* Sources */,
				AE9C65801CA4508E0017DDF2 /* Frameworks */,
				AE9C65811CA4508E0017DDF2 /* Resources */,
			);
			buildRules = (
			);
			dependencies = (
				AE9C65851CA4508E0017DDF2 /* PBXTargetDependency */,
			);
			name = WhackAPivotSwiftUITests;
			productName = WhackAPivotSwiftUITests;
			productReference = AE9C65831CA4508E0017DDF2 /* WhackAPivotSwiftUITests.xctest */;
			productType = "com.apple.product-type.bundle.ui-testing";
		};
/* End PBXNativeTarget section */

/* Begin PBXProject section */
		AE9C655C1CA4508E0017DDF2 /* Project object */ = {
			isa = PBXProject;
			attributes = {
				LastSwiftUpdateCheck = 0720;
				LastUpgradeCheck = 0720;
				ORGANIZATIONNAME = Pivotal;
				TargetAttributes = {
					AE9C65631CA4508E0017DDF2 = {
						CreatedOnToolsVersion = 7.2.1;
						DevelopmentTeam = 22XZS247UC;
					};
					AE9C65771CA4508E0017DDF2 = {
						CreatedOnToolsVersion = 7.2.1;
						TestTargetID = AE9C65631CA4508E0017DDF2;
					};
					AE9C65821CA4508E0017DDF2 = {
						CreatedOnToolsVersion = 7.2.1;
						TestTargetID = AE9C65631CA4508E0017DDF2;
					};
				};
			};
			buildConfigurationList = AE9C655F1CA4508E0017DDF2 /* Build configuration list for PBXProject "WhackAPivotSwift" */;
			compatibilityVersion = "Xcode 3.2";
			developmentRegion = English;
			hasScannedForEncodings = 0;
			knownRegions = (
				en,
				Base,
			);
			mainGroup = AE9C655B1CA4508E0017DDF2;
			productRefGroup = AE9C65651CA4508E0017DDF2 /* Products */;
			projectDirPath = "";
			projectRoot = "";
			targets = (
				AE9C65631CA4508E0017DDF2 /* WhackAPivotSwift */,
				AE9C65771CA4508E0017DDF2 /* WhackAPivotSwiftTests */,
				AE9C65821CA4508E0017DDF2 /* WhackAPivotSwiftUITests */,
			);
		};
/* End PBXProject section */

/* Begin PBXResourcesBuildPhase section */
		AE9C65621CA4508E0017DDF2 /* Resources */ = {
			isa = PBXResourcesBuildPhase;
			buildActionMask = 2147483647;
			files = (
				AE9C656F1CA4508E0017DDF2 /* Assets.xcassets in Resources */,
				AE9C65721CA4508E0017DDF2 /* LaunchScreen.storyboard in Resources */,
				AE9C656D1CA4508E0017DDF2 /* Main.storyboard in Resources */,
			);
			runOnlyForDeploymentPostprocessing = 0;
		};
		AE9C65761CA4508E0017DDF2 /* Resources */ = {
			isa = PBXResourcesBuildPhase;
			buildActionMask = 2147483647;
			files = (
			);
			runOnlyForDeploymentPostprocessing = 0;
		};
		AE9C65811CA4508E0017DDF2 /* Resources */ = {
			isa = PBXResourcesBuildPhase;
			buildActionMask = 2147483647;
			files = (
			);
			runOnlyForDeploymentPostprocessing = 0;
		};
/* End PBXResourcesBuildPhase section */

/* Begin PBXShellScriptBuildPhase section */
		178495FDDBE31181B9BEA04D /* Check Pods Manifest.lock */ = {
			isa = PBXShellScriptBuildPhase;
			buildActionMask = 2147483647;
			files = (
			);
			inputPaths = (
			);
			name = "Check Pods Manifest.lock";
			outputPaths = (
			);
			runOnlyForDeploymentPostprocessing = 0;
			shellPath = /bin/sh;
			shellScript = "diff \"${PODS_ROOT}/../Podfile.lock\" \"${PODS_ROOT}/Manifest.lock\" > /dev/null\nif [[ $? != 0 ]] ; then\n    cat << EOM\nerror: The sandbox is not in sync with the Podfile.lock. Run 'pod install' or update your CocoaPods installation.\nEOM\n    exit 1\nfi\n";
			showEnvVarsInLog = 0;
		};
		27F2AF61AF63225A20973302 /* Copy Pods Resources */ = {
			isa = PBXShellScriptBuildPhase;
			buildActionMask = 2147483647;
			files = (
			);
			inputPaths = (
			);
			name = "Copy Pods Resources";
			outputPaths = (
			);
			runOnlyForDeploymentPostprocessing = 0;
			shellPath = /bin/sh;
			shellScript = "\"${SRCROOT}/Pods/Target Support Files/Pods-WhackAPivotSwiftTests/Pods-WhackAPivotSwiftTests-resources.sh\"\n";
			showEnvVarsInLog = 0;
		};
		2A49006CBDF68D738886DE66 /* Check Pods Manifest.lock */ = {
			isa = PBXShellScriptBuildPhase;
			buildActionMask = 2147483647;
			files = (
			);
			inputPaths = (
			);
			name = "Check Pods Manifest.lock";
			outputPaths = (
			);
			runOnlyForDeploymentPostprocessing = 0;
			shellPath = /bin/sh;
			shellScript = "diff \"${PODS_ROOT}/../Podfile.lock\" \"${PODS_ROOT}/Manifest.lock\" > /dev/null\nif [[ $? != 0 ]] ; then\n    cat << EOM\nerror: The sandbox is not in sync with the Podfile.lock. Run 'pod install' or update your CocoaPods installation.\nEOM\n    exit 1\nfi\n";
			showEnvVarsInLog = 0;
		};
		4EFC839D91729F9A01D9C741 /* Embed Pods Frameworks */ = {
			isa = PBXShellScriptBuildPhase;
			buildActionMask = 2147483647;
			files = (
			);
			inputPaths = (
			);
			name = "Embed Pods Frameworks";
			outputPaths = (
			);
			runOnlyForDeploymentPostprocessing = 0;
			shellPath = /bin/sh;
			shellScript = "\"${SRCROOT}/Pods/Target Support Files/Pods-WhackAPivotSwift/Pods-WhackAPivotSwift-frameworks.sh\"\n";
			showEnvVarsInLog = 0;
		};
		9368DD8DC3EAF44EC34C57CC /* Copy Pods Resources */ = {
			isa = PBXShellScriptBuildPhase;
			buildActionMask = 2147483647;
			files = (
			);
			inputPaths = (
			);
			name = "Copy Pods Resources";
			outputPaths = (
			);
			runOnlyForDeploymentPostprocessing = 0;
			shellPath = /bin/sh;
			shellScript = "\"${SRCROOT}/Pods/Target Support Files/Pods-WhackAPivotSwift/Pods-WhackAPivotSwift-resources.sh\"\n";
			showEnvVarsInLog = 0;
		};
		CCFFA8875EE5F2FEAB8CB4FE /* Embed Pods Frameworks */ = {
			isa = PBXShellScriptBuildPhase;
			buildActionMask = 2147483647;
			files = (
			);
			inputPaths = (
			);
			name = "Embed Pods Frameworks";
			outputPaths = (
			);
			runOnlyForDeploymentPostprocessing = 0;
			shellPath = /bin/sh;
			shellScript = "\"${SRCROOT}/Pods/Target Support Files/Pods-WhackAPivotSwiftTests/Pods-WhackAPivotSwiftTests-frameworks.sh\"\n";
			showEnvVarsInLog = 0;
		};
/* End PBXShellScriptBuildPhase section */

/* Begin PBXSourcesBuildPhase section */
		AE9C65601CA4508E0017DDF2 /* Sources */ = {
			isa = PBXSourcesBuildPhase;
			buildActionMask = 2147483647;
			files = (
				AE9C65681CA4508E0017DDF2 /* AppDelegate.swift in Sources */,
				AE4D9DE91CA48D170037EC59 /* Pivot.swift in Sources */,
				AE4D9DE21CA472350037EC59 /* PivotsService.swift in Sources */,
				AE4D9DE01CA4710D0037EC59 /* SwinjectStoryboard+Setup.swift in Sources */,
				AE35FA7B1CA5E8180083EFE2 /* TestAppDelegate.swift in Sources */,
				AE9C656A1CA4508E0017DDF2 /* ViewController.swift in Sources */,
				AE35FAE81CAAEB0C0083EFE2 /* main.swift in Sources */,
			);
			runOnlyForDeploymentPostprocessing = 0;
		};
		AE9C65741CA4508E0017DDF2 /* Sources */ = {
			isa = PBXSourcesBuildPhase;
			buildActionMask = 2147483647;
			files = (
				AE4D9DE61CA48C990037EC59 /* FakePivotsService.swift in Sources */,
				AE35FA7E1CA5EC110083EFE2 /* SwinjectSpec.swift in Sources */,
				AE133DE01CA4ADD3002721E6 /* TestAppDelegate.swift in Sources */,
				AE9C657D1CA4508E0017DDF2 /* ViewControllerSpec.swift in Sources */,
			);
			runOnlyForDeploymentPostprocessing = 0;
		};
		AE9C657F1CA4508E0017DDF2 /* Sources */ = {
			isa = PBXSourcesBuildPhase;
			buildActionMask = 2147483647;
			files = (
				AE9C65881CA4508E0017DDF2 /* WhackAPivotSwiftUITests.swift in Sources */,
			);
			runOnlyForDeploymentPostprocessing = 0;
		};
/* End PBXSourcesBuildPhase section */

/* Begin PBXTargetDependency section */
		AE9C657A1CA4508E0017DDF2 /* PBXTargetDependency */ = {
			isa = PBXTargetDependency;
			target = AE9C65631CA4508E0017DDF2 /* WhackAPivotSwift */;
			targetProxy = AE9C65791CA4508E0017DDF2 /* PBXContainerItemProxy */;
		};
		AE9C65851CA4508E0017DDF2 /* PBXTargetDependency */ = {
			isa = PBXTargetDependency;
			target = AE9C65631CA4508E0017DDF2 /* WhackAPivotSwift */;
			targetProxy = AE9C65841CA4508E0017DDF2 /* PBXContainerItemProxy */;
		};
/* End PBXTargetDependency section */

/* Begin PBXVariantGroup section */
		AE9C656B1CA4508E0017DDF2 /* Main.storyboard */ = {
			isa = PBXVariantGroup;
			children = (
				AE9C656C1CA4508E0017DDF2 /* Base */,
			);
			name = Main.storyboard;
			sourceTree = "<group>";
		};
		AE9C65701CA4508E0017DDF2 /* LaunchScreen.storyboard */ = {
			isa = PBXVariantGroup;
			children = (
				AE9C65711CA4508E0017DDF2 /* Base */,
			);
			name = LaunchScreen.storyboard;
			sourceTree = "<group>";
		};
/* End PBXVariantGroup section */

/* Begin XCBuildConfiguration section */
		AE9C658A1CA4508E0017DDF2 /* Debug */ = {
			isa = XCBuildConfiguration;
			buildSettings = {
				ALWAYS_SEARCH_USER_PATHS = NO;
				APP_DELEGATE_NAME = WhackAPivotSwift.TestAppDelegate;
				CLANG_CXX_LANGUAGE_STANDARD = "gnu++0x";
				CLANG_CXX_LIBRARY = "libc++";
				CLANG_ENABLE_MODULES = YES;
				CLANG_ENABLE_OBJC_ARC = YES;
				CLANG_WARN_BOOL_CONVERSION = YES;
				CLANG_WARN_CONSTANT_CONVERSION = YES;
				CLANG_WARN_DIRECT_OBJC_ISA_USAGE = YES_ERROR;
				CLANG_WARN_EMPTY_BODY = YES;
				CLANG_WARN_ENUM_CONVERSION = YES;
				CLANG_WARN_INT_CONVERSION = YES;
				CLANG_WARN_OBJC_ROOT_CLASS = YES_ERROR;
				CLANG_WARN_UNREACHABLE_CODE = YES;
				CLANG_WARN__DUPLICATE_METHOD_MATCH = YES;
				CODE_SIGN_IDENTITY = "iPhone Developer";
				"CODE_SIGN_IDENTITY[sdk=iphoneos*]" = "iPhone Developer";
				COPY_PHASE_STRIP = NO;
				CURRENT_PROJECT_VERSION = 7;
				DEBUG_INFORMATION_FORMAT = dwarf;
				ENABLE_STRICT_OBJC_MSGSEND = YES;
				ENABLE_TESTABILITY = YES;
				GCC_C_LANGUAGE_STANDARD = gnu99;
				GCC_DYNAMIC_NO_PIC = NO;
				GCC_NO_COMMON_BLOCKS = YES;
				GCC_OPTIMIZATION_LEVEL = 0;
				GCC_PREPROCESSOR_DEFINITIONS = (
					"DEBUG=1",
					"$(inherited)",
				);
				GCC_WARN_64_TO_32_BIT_CONVERSION = YES;
				GCC_WARN_ABOUT_RETURN_TYPE = YES_ERROR;
				GCC_WARN_UNDECLARED_SELECTOR = YES;
				GCC_WARN_UNINITIALIZED_AUTOS = YES_AGGRESSIVE;
				GCC_WARN_UNUSED_FUNCTION = YES;
				GCC_WARN_UNUSED_VARIABLE = YES;
				IPHONEOS_DEPLOYMENT_TARGET = 8.4;
				MTL_ENABLE_DEBUG_INFO = YES;
				ONLY_ACTIVE_ARCH = YES;
				SDKROOT = iphoneos;
				SWIFT_OPTIMIZATION_LEVEL = "-Onone";
				TARGETED_DEVICE_FAMILY = "1,2";
				VERSIONING_SYSTEM = "apple-generic";
			};
			name = Debug;
		};
		AE9C658B1CA4508E0017DDF2 /* Release */ = {
			isa = XCBuildConfiguration;
			buildSettings = {
				ALWAYS_SEARCH_USER_PATHS = NO;
				APP_DELEGATE_NAME = WhackAPivotSwift.AppDelegate;
				CLANG_CXX_LANGUAGE_STANDARD = "gnu++0x";
				CLANG_CXX_LIBRARY = "libc++";
				CLANG_ENABLE_MODULES = YES;
				CLANG_ENABLE_OBJC_ARC = YES;
				CLANG_WARN_BOOL_CONVERSION = YES;
				CLANG_WARN_CONSTANT_CONVERSION = YES;
				CLANG_WARN_DIRECT_OBJC_ISA_USAGE = YES_ERROR;
				CLANG_WARN_EMPTY_BODY = YES;
				CLANG_WARN_ENUM_CONVERSION = YES;
				CLANG_WARN_INT_CONVERSION = YES;
				CLANG_WARN_OBJC_ROOT_CLASS = YES_ERROR;
				CLANG_WARN_UNREACHABLE_CODE = YES;
				CLANG_WARN__DUPLICATE_METHOD_MATCH = YES;
				CODE_SIGN_IDENTITY = "iPhone Distribution";
				"CODE_SIGN_IDENTITY[sdk=iphoneos*]" = "iPhone Distribution";
				COPY_PHASE_STRIP = NO;
				CURRENT_PROJECT_VERSION = 7;
				DEBUG_INFORMATION_FORMAT = "dwarf-with-dsym";
				ENABLE_NS_ASSERTIONS = NO;
				ENABLE_STRICT_OBJC_MSGSEND = YES;
				GCC_C_LANGUAGE_STANDARD = gnu99;
				GCC_NO_COMMON_BLOCKS = YES;
				GCC_WARN_64_TO_32_BIT_CONVERSION = YES;
				GCC_WARN_ABOUT_RETURN_TYPE = YES_ERROR;
				GCC_WARN_UNDECLARED_SELECTOR = YES;
				GCC_WARN_UNINITIALIZED_AUTOS = YES_AGGRESSIVE;
				GCC_WARN_UNUSED_FUNCTION = YES;
				GCC_WARN_UNUSED_VARIABLE = YES;
				IPHONEOS_DEPLOYMENT_TARGET = 8.4;
				MTL_ENABLE_DEBUG_INFO = NO;
				SDKROOT = iphoneos;
				TARGETED_DEVICE_FAMILY = "1,2";
				VALIDATE_PRODUCT = YES;
				VERSIONING_SYSTEM = "apple-generic";
			};
			name = Release;
		};
		AE9C658D1CA4508E0017DDF2 /* Debug */ = {
			isa = XCBuildConfiguration;
			baseConfigurationReference = 9902A65C5C8765A1DF63D710 /* Pods-WhackAPivotSwift.debug.xcconfig */;
			buildSettings = {
				ASSETCATALOG_COMPILER_APPICON_NAME = AppIcon;
				CODE_SIGN_IDENTITY = "iPhone Developer";
				"CODE_SIGN_IDENTITY[sdk=iphoneos*]" = "iPhone Developer";
				DEFINES_MODULE = YES;
				FRAMEWORK_SEARCH_PATHS = (
					"$(inherited)",
					"$(PROJECT_DIR)/build/Debug-iphoneos",
				);
				INFOPLIST_FILE = WhackAPivotSwift/Info.plist;
				LD_RUNPATH_SEARCH_PATHS = "$(inherited) @executable_path/Frameworks";
				PRODUCT_BUNDLE_IDENTIFIER = com.LAPivotalBeach.WhackAPivotSwift;
				PRODUCT_NAME = "$(TARGET_NAME)";
				PROVISIONING_PROFILE = "e97f60e6-9874-44fd-86d2-3e7a1005ec91";
				TARGETED_DEVICE_FAMILY = 1;
			};
			name = Debug;
		};
		AE9C658E1CA4508E0017DDF2 /* Release */ = {
			isa = XCBuildConfiguration;
			baseConfigurationReference = DCF87B72EF1E197CD6BAB99D /* Pods-WhackAPivotSwift.release.xcconfig */;
			buildSettings = {
				ASSETCATALOG_COMPILER_APPICON_NAME = AppIcon;
				CODE_SIGN_IDENTITY = "iPhone Distribution";
				"CODE_SIGN_IDENTITY[sdk=iphoneos*]" = "iPhone Distribution";
				DEFINES_MODULE = YES;
				FRAMEWORK_SEARCH_PATHS = (
					"$(inherited)",
					"$(PROJECT_DIR)/build/Debug-iphoneos",
				);
				INFOPLIST_FILE = WhackAPivotSwift/Info.plist;
				LD_RUNPATH_SEARCH_PATHS = "$(inherited) @executable_path/Frameworks";
				PRODUCT_BUNDLE_IDENTIFIER = com.LAPivotalBeach.WhackAPivotSwift;
				PRODUCT_NAME = "$(TARGET_NAME)";
				PROVISIONING_PROFILE = "e97f60e6-9874-44fd-86d2-3e7a1005ec91";
				TARGETED_DEVICE_FAMILY = 1;
			};
			name = Release;
		};
		AE9C65901CA4508E0017DDF2 /* Debug */ = {
			isa = XCBuildConfiguration;
			baseConfigurationReference = 6B5012F94A425348A0AD92AC /* Pods-WhackAPivotSwiftTests.debug.xcconfig */;
			buildSettings = {
				BUNDLE_LOADER = "$(TEST_HOST)";
				DEFINES_MODULE = YES;
				INFOPLIST_FILE = WhackAPivotSwiftTests/Info.plist;
				LD_RUNPATH_SEARCH_PATHS = "$(inherited) @executable_path/Frameworks @loader_path/Frameworks";
				PRODUCT_BUNDLE_IDENTIFIER = com.LAPivotalBeach.WhackAPivotSwiftTests;
				PRODUCT_NAME = "$(TARGET_NAME)";
				TEST_HOST = "$(BUILT_PRODUCTS_DIR)/WhackAPivotSwift.app/WhackAPivotSwift";
			};
			name = Debug;
		};
		AE9C65911CA4508E0017DDF2 /* Release */ = {
			isa = XCBuildConfiguration;
			baseConfigurationReference = E406990A24A3B2F5C30DB9C5 /* Pods-WhackAPivotSwiftTests.release.xcconfig */;
			buildSettings = {
				BUNDLE_LOADER = "$(TEST_HOST)";
				DEFINES_MODULE = YES;
				INFOPLIST_FILE = WhackAPivotSwiftTests/Info.plist;
				LD_RUNPATH_SEARCH_PATHS = "$(inherited) @executable_path/Frameworks @loader_path/Frameworks";
				PRODUCT_BUNDLE_IDENTIFIER = com.LAPivotalBeach.WhackAPivotSwiftTests;
				PRODUCT_NAME = "$(TARGET_NAME)";
				TEST_HOST = "$(BUILT_PRODUCTS_DIR)/WhackAPivotSwift.app/WhackAPivotSwift";
			};
			name = Release;
		};
		AE9C65931CA4508E0017DDF2 /* Debug */ = {
			isa = XCBuildConfiguration;
			buildSettings = {
				INFOPLIST_FILE = WhackAPivotSwiftUITests/Info.plist;
				LD_RUNPATH_SEARCH_PATHS = "$(inherited) @executable_path/Frameworks @loader_path/Frameworks";
				PRODUCT_BUNDLE_IDENTIFIER = com.LAPivotalBeach.WhackAPivotSwiftUITests;
				PRODUCT_NAME = "$(TARGET_NAME)";
				TEST_TARGET_NAME = WhackAPivotSwift;
				USES_XCTRUNNER = YES;
			};
			name = Debug;
		};
		AE9C65941CA4508E0017DDF2 /* Release */ = {
			isa = XCBuildConfiguration;
			buildSettings = {
				INFOPLIST_FILE = WhackAPivotSwiftUITests/Info.plist;
				LD_RUNPATH_SEARCH_PATHS = "$(inherited) @executable_path/Frameworks @loader_path/Frameworks";
				PRODUCT_BUNDLE_IDENTIFIER = com.LAPivotalBeach.WhackAPivotSwiftUITests;
				PRODUCT_NAME = "$(TARGET_NAME)";
				TEST_TARGET_NAME = WhackAPivotSwift;
				USES_XCTRUNNER = YES;
			};
			name = Release;
		};
/* End XCBuildConfiguration section */

/* Begin XCConfigurationList section */
		AE9C655F1CA4508E0017DDF2 /* Build configuration list for PBXProject "WhackAPivotSwift" */ = {
			isa = XCConfigurationList;
			buildConfigurations = (
				AE9C658A1CA4508E0017DDF2 /* Debug */,
				AE9C658B1CA4508E0017DDF2 /* Release */,
			);
			defaultConfigurationIsVisible = 0;
			defaultConfigurationName = Release;
		};
		AE9C658C1CA4508E0017DDF2 /* Build configuration list for PBXNativeTarget "WhackAPivotSwift" */ = {
			isa = XCConfigurationList;
			buildConfigurations = (
				AE9C658D1CA4508E0017DDF2 /* Debug */,
				AE9C658E1CA4508E0017DDF2 /* Release */,
			);
			defaultConfigurationIsVisible = 0;
			defaultConfigurationName = Release;
		};
		AE9C658F1CA4508E0017DDF2 /* Build configuration list for PBXNativeTarget "WhackAPivotSwiftTests" */ = {
			isa = XCConfigurationList;
			buildConfigurations = (
				AE9C65901CA4508E0017DDF2 /* Debug */,
				AE9C65911CA4508E0017DDF2 /* Release */,
			);
			defaultConfigurationIsVisible = 0;
			defaultConfigurationName = Release;
		};
		AE9C65921CA4508E0017DDF2 /* Build configuration list for PBXNativeTarget "WhackAPivotSwiftUITests" */ = {
			isa = XCConfigurationList;
			buildConfigurations = (
				AE9C65931CA4508E0017DDF2 /* Debug */,
				AE9C65941CA4508E0017DDF2 /* Release */,
			);
			defaultConfigurationIsVisible = 0;
			defaultConfigurationName = Release;
		};
/* End XCConfigurationList section */
	};
	rootObject = AE9C655C1CA4508E0017DDF2 /* Project object */;
}
