// !$*UTF8*$!
{
	archiveVersion = 1;
	classes = {
	};
	objectVersion = 46;
	objects = {

/* Begin PBXBuildFile section */
		AE9C65681CA4508E0017DDF2 /* AppDelegate.swift in Sources */ = {isa = PBXBuildFile; fileRef = AE9C65671CA4508E0017DDF2 /* AppDelegate.swift */; };
		AE9C656F1CA4508E0017DDF2 /* Assets.xcassets in Resources */ = {isa = PBXBuildFile; fileRef = AE9C656E1CA4508E0017DDF2 /* Assets.xcassets */; };
		AE83CBAE1CB34EB80030378E /* FakeLoginViewControllerDelegate.swift in Sources */ = {isa = PBXBuildFile; fileRef = AE83CBAD1CB347380030378E /* FakeLoginViewControllerDelegate.swift */; };
		A35BFBC81CB2127E004AC2AA /* FakePeopleChoicesAndTargetService.swift in Sources */ = {isa = PBXBuildFile; fileRef = A35BFBC51CB2127E004AC2AA /* FakePeopleChoicesAndTargetService.swift */; };
		AEBB8F7B1CB318420050A0D4 /* FakePeopleRandomizer.swift in Sources */ = {isa = PBXBuildFile; fileRef = AEBB8F7A1CB318150050A0D4 /* FakePeopleRandomizer.swift */; };
		A35BFBCA1CB2127E004AC2AA /* FakePeopleService.swift in Sources */ = {isa = PBXBuildFile; fileRef = A35BFBC71CB2127E004AC2AA /* FakePeopleService.swift */; };
		A35BFBCD1CB2157C004AC2AA /* LaunchScreen.storyboard in Resources */ = {isa = PBXBuildFile; fileRef = A35BFBCB1CB2157C004AC2AA /* LaunchScreen.storyboard */; };
		AE80D80F1CB33F8A00AF3488 /* LoginViewController.swift in Sources */ = {isa = PBXBuildFile; fileRef = AE80D80E1CB33F8A00AF3488 /* LoginViewController.swift */; };
		AE80D8111CB33FE900AF3488 /* LoginViewControllerSpec.swift in Sources */ = {isa = PBXBuildFile; fileRef = AE80D8101CB33FE900AF3488 /* LoginViewControllerSpec.swift */; };
		A35BFBCE1CB2157C004AC2AA /* Main.storyboard in Resources */ = {isa = PBXBuildFile; fileRef = A35BFBCC1CB2157C004AC2AA /* Main.storyboard */; };
		A35BFBAA1CB20CE8004AC2AA /* PeopleChoicesAndTarget.swift in Sources */ = {isa = PBXBuildFile; fileRef = A35BFBA81CB20CE8004AC2AA /* PeopleChoicesAndTarget.swift */; };
		A35BFBA31CB20C9B004AC2AA /* PeopleChoicesAndTargetService.swift in Sources */ = {isa = PBXBuildFile; fileRef = A35BFBA01CB20C9B004AC2AA /* PeopleChoicesAndTargetService.swift */; };
		A35BFBB91CB21194004AC2AA /* PeopleChoicesAndTargetServiceSpec.swift in Sources */ = {isa = PBXBuildFile; fileRef = A35BFBB81CB21194004AC2AA /* PeopleChoicesAndTargetServiceSpec.swift */; };
		A35BFBA41CB20C9B004AC2AA /* PeopleRandomizer.swift in Sources */ = {isa = PBXBuildFile; fileRef = A35BFBA11CB20C9B004AC2AA /* PeopleRandomizer.swift */; };
		A3DEF3771CB21DCD006B3452 /* PeopleRandomizerSpec.swift in Sources */ = {isa = PBXBuildFile; fileRef = A3DEF3761CB21DCD006B3452 /* PeopleRandomizerSpec.swift */; };
		A35BFBA51CB20C9B004AC2AA /* PeopleService.swift in Sources */ = {isa = PBXBuildFile; fileRef = A35BFBA21CB20C9B004AC2AA /* PeopleService.swift */; };
		A35BFBAB1CB20CE8004AC2AA /* Person.swift in Sources */ = {isa = PBXBuildFile; fileRef = A35BFBA91CB20CE8004AC2AA /* Person.swift */; };
		A35BFBA71CB20CD8004AC2AA /* PersonDisplayer.swift in Sources */ = {isa = PBXBuildFile; fileRef = A35BFBA61CB20CD8004AC2AA /* PersonDisplayer.swift */; };
		65F99F08E14C94BB9ECBB64C /* Pods_WhackAPivotSwift.framework in Frameworks */ = {isa = PBXBuildFile; fileRef = 24ADDDE900C94BD3ACDDFA3D /* Pods_WhackAPivotSwift.framework */; };
		9CE9D6C16A1DDBB43F38A4F9 /* Pods_WhackAPivotSwiftTests.framework in Frameworks */ = {isa = PBXBuildFile; fileRef = EBF3A08CCB51F4265A9DB5E2 /* Pods_WhackAPivotSwiftTests.framework */; };
		A35BFBBD1CB211A6004AC2AA /* SwinjectSpec.swift in Sources */ = {isa = PBXBuildFile; fileRef = A35BFBBC1CB211A6004AC2AA /* SwinjectSpec.swift */; };
		A35BFBD01CB215A7004AC2AA /* SwinjectStoryboard+Setup.swift in Sources */ = {isa = PBXBuildFile; fileRef = A35BFBCF1CB215A7004AC2AA /* SwinjectStoryboard+Setup.swift */; };
		A35BFBD81CB21902004AC2AA /* TestAppDelegate.swift in Sources */ = {isa = PBXBuildFile; fileRef = A35BFBD71CB21902004AC2AA /* TestAppDelegate.swift */; };
		A35BFBAD1CB20CFC004AC2AA /* ViewController.swift in Sources */ = {isa = PBXBuildFile; fileRef = A35BFBAC1CB20CFC004AC2AA /* ViewController.swift */; };
		A35BFBBB1CB2119E004AC2AA /* ViewControllerSpec.swift in Sources */ = {isa = PBXBuildFile; fileRef = A35BFBBA1CB2119E004AC2AA /* ViewControllerSpec.swift */; };
		AE9C65881CA4508E0017DDF2 /* WhackAPivotSwiftUITests.swift in Sources */ = {isa = PBXBuildFile; fileRef = AE9C65871CA4508E0017DDF2 /* WhackAPivotSwiftUITests.swift */; };
		AE35FAE81CAAEB0C0083EFE2 /* main.swift in Sources */ = {isa = PBXBuildFile; fileRef = AE35FAE71CAAEB0C0083EFE2 /* main.swift */; };
/* End PBXBuildFile section */

/* Begin PBXContainerItemProxy section */
		AE9C65791CA4508E0017DDF2 /* PBXContainerItemProxy */ = {
			isa = PBXContainerItemProxy;
			containerPortal = AE9C655C1CA4508E0017DDF2 /* Project object */;
			proxyType = 1;
			remoteGlobalIDString = AE9C65631CA4508E0017DDF2;
			remoteInfo = WhackAPivotSwift;
		};
		AE9C65841CA4508E0017DDF2 /* PBXContainerItemProxy */ = {
			isa = PBXContainerItemProxy;
			containerPortal = AE9C655C1CA4508E0017DDF2 /* Project object */;
			proxyType = 1;
			remoteGlobalIDString = AE9C65631CA4508E0017DDF2;
			remoteInfo = WhackAPivotSwift;
		};
/* End PBXContainerItemProxy section */

/* Begin PBXFileReference section */
		AE9C65671CA4508E0017DDF2 /* AppDelegate.swift */ = {isa = PBXFileReference; lastKnownFileType = sourcecode.swift; path = AppDelegate.swift; sourceTree = "<group>"; };
		AE9C656E1CA4508E0017DDF2 /* Assets.xcassets */ = {isa = PBXFileReference; lastKnownFileType = folder.assetcatalog; path = Assets.xcassets; sourceTree = "<group>"; };
		AE83CBAD1CB347380030378E /* FakeLoginViewControllerDelegate.swift */ = {isa = PBXFileReference; lastKnownFileType = sourcecode.swift; path = FakeLoginViewControllerDelegate.swift; sourceTree = "<group>"; };
		A35BFBC51CB2127E004AC2AA /* FakePeopleChoicesAndTargetService.swift */ = {isa = PBXFileReference; fileEncoding = 4; lastKnownFileType = sourcecode.swift; name = FakePeopleChoicesAndTargetService.swift; path = Fakes/FakePeopleChoicesAndTargetService.swift; sourceTree = "<group>"; };
		AEBB8F7A1CB318150050A0D4 /* FakePeopleRandomizer.swift */ = {isa = PBXFileReference; lastKnownFileType = sourcecode.swift; name = FakePeopleRandomizer.swift; path = Fakes/FakePeopleRandomizer.swift; sourceTree = "<group>"; };
		A35BFBC71CB2127E004AC2AA /* FakePeopleService.swift */ = {isa = PBXFileReference; fileEncoding = 4; lastKnownFileType = sourcecode.swift; name = FakePeopleService.swift; path = Fakes/FakePeopleService.swift; sourceTree = "<group>"; };
		A35BFBD31CB2180C004AC2AA /* Info.plist */ = {isa = PBXFileReference; fileEncoding = 4; lastKnownFileType = text.plist.xml; path = Info.plist; sourceTree = "<group>"; };
		A35BFBD51CB2189C004AC2AA /* Info.plist */ = {isa = PBXFileReference; fileEncoding = 4; lastKnownFileType = text.plist.xml; path = Info.plist; sourceTree = "<group>"; };
		AE9C65891CA4508E0017DDF2 /* Info.plist */ = {isa = PBXFileReference; lastKnownFileType = text.plist.xml; path = Info.plist; sourceTree = "<group>"; };
		A35BFBCB1CB2157C004AC2AA /* LaunchScreen.storyboard */ = {isa = PBXFileReference; fileEncoding = 4; lastKnownFileType = file.storyboard; name = LaunchScreen.storyboard; path = Storyboards/LaunchScreen.storyboard; sourceTree = "<group>"; };
		AE80D80E1CB33F8A00AF3488 /* LoginViewController.swift */ = {isa = PBXFileReference; fileEncoding = 4; lastKnownFileType = sourcecode.swift; path = LoginViewController.swift; sourceTree = "<group>"; };
		AE80D8101CB33FE900AF3488 /* LoginViewControllerSpec.swift */ = {isa = PBXFileReference; fileEncoding = 4; lastKnownFileType = sourcecode.swift; path = LoginViewControllerSpec.swift; sourceTree = "<group>"; };
		A35BFBCC1CB2157C004AC2AA /* Main.storyboard */ = {isa = PBXFileReference; fileEncoding = 4; lastKnownFileType = file.storyboard; name = Main.storyboard; path = Storyboards/Main.storyboard; sourceTree = "<group>"; };
		AE3B6DA41CA456100018706F /* Nimble.framework */ = {isa = PBXFileReference; lastKnownFileType = wrapper.framework; name = Nimble.framework; path = "Pods/../build/Debug-iphoneos/Nimble.framework"; sourceTree = "<group>"; };
		A35BFBA81CB20CE8004AC2AA /* PeopleChoicesAndTarget.swift */ = {isa = PBXFileReference; fileEncoding = 4; lastKnownFileType = sourcecode.swift; name = PeopleChoicesAndTarget.swift; path = Models/PeopleChoicesAndTarget.swift; sourceTree = "<group>"; };
		A35BFBA01CB20C9B004AC2AA /* PeopleChoicesAndTargetService.swift */ = {isa = PBXFileReference; fileEncoding = 4; lastKnownFileType = sourcecode.swift; name = PeopleChoicesAndTargetService.swift; path = Services/PeopleChoicesAndTargetService.swift; sourceTree = "<group>"; };
		A35BFBB81CB21194004AC2AA /* PeopleChoicesAndTargetServiceSpec.swift */ = {isa = PBXFileReference; fileEncoding = 4; lastKnownFileType = sourcecode.swift; path = PeopleChoicesAndTargetServiceSpec.swift; sourceTree = "<group>"; };
		A35BFBA11CB20C9B004AC2AA /* PeopleRandomizer.swift */ = {isa = PBXFileReference; fileEncoding = 4; lastKnownFileType = sourcecode.swift; name = PeopleRandomizer.swift; path = Services/PeopleRandomizer.swift; sourceTree = "<group>"; };
		A3DEF3761CB21DCD006B3452 /* PeopleRandomizerSpec.swift */ = {isa = PBXFileReference; fileEncoding = 4; lastKnownFileType = sourcecode.swift; path = PeopleRandomizerSpec.swift; sourceTree = "<group>"; };
		A35BFBA21CB20C9B004AC2AA /* PeopleService.swift */ = {isa = PBXFileReference; fileEncoding = 4; lastKnownFileType = sourcecode.swift; name = PeopleService.swift; path = Services/PeopleService.swift; sourceTree = "<group>"; };
		A35BFBA91CB20CE8004AC2AA /* Person.swift */ = {isa = PBXFileReference; fileEncoding = 4; lastKnownFileType = sourcecode.swift; name = Person.swift; path = Models/Person.swift; sourceTree = "<group>"; };
		A35BFBA61CB20CD8004AC2AA /* PersonDisplayer.swift */ = {isa = PBXFileReference; fileEncoding = 4; lastKnownFileType = sourcecode.swift; name = PersonDisplayer.swift; path = Utilities/PersonDisplayer.swift; sourceTree = "<group>"; };
		9902A65C5C8765A1DF63D710 /* Pods-WhackAPivotSwift.debug.xcconfig */ = {isa = PBXFileReference; includeInIndex = 1; lastKnownFileType = text.xcconfig; name = "Pods-WhackAPivotSwift.debug.xcconfig"; path = "Pods/Target Support Files/Pods-WhackAPivotSwift/Pods-WhackAPivotSwift.debug.xcconfig"; sourceTree = "<group>"; };
		DCF87B72EF1E197CD6BAB99D /* Pods-WhackAPivotSwift.release.xcconfig */ = {isa = PBXFileReference; includeInIndex = 1; lastKnownFileType = text.xcconfig; name = "Pods-WhackAPivotSwift.release.xcconfig"; path = "Pods/Target Support Files/Pods-WhackAPivotSwift/Pods-WhackAPivotSwift.release.xcconfig"; sourceTree = "<group>"; };
		6B5012F94A425348A0AD92AC /* Pods-WhackAPivotSwiftTests.debug.xcconfig */ = {isa = PBXFileReference; includeInIndex = 1; lastKnownFileType = text.xcconfig; name = "Pods-WhackAPivotSwiftTests.debug.xcconfig"; path = "Pods/Target Support Files/Pods-WhackAPivotSwiftTests/Pods-WhackAPivotSwiftTests.debug.xcconfig"; sourceTree = "<group>"; };
		E406990A24A3B2F5C30DB9C5 /* Pods-WhackAPivotSwiftTests.release.xcconfig */ = {isa = PBXFileReference; includeInIndex = 1; lastKnownFileType = text.xcconfig; name = "Pods-WhackAPivotSwiftTests.release.xcconfig"; path = "Pods/Target Support Files/Pods-WhackAPivotSwiftTests/Pods-WhackAPivotSwiftTests.release.xcconfig"; sourceTree = "<group>"; };
		24ADDDE900C94BD3ACDDFA3D /* Pods_WhackAPivotSwift.framework */ = {isa = PBXFileReference; explicitFileType = wrapper.framework; includeInIndex = 0; path = Pods_WhackAPivotSwift.framework; sourceTree = BUILT_PRODUCTS_DIR; };
		AE3B6DAA1CA45BF30018706F /* Pods_WhackAPivotSwiftTests.framework */ = {isa = PBXFileReference; lastKnownFileType = wrapper.framework; name = Pods_WhackAPivotSwiftTests.framework; path = "Pods/../build/Debug-iphoneos/Pods_WhackAPivotSwiftTests.framework"; sourceTree = "<group>"; };
		EBF3A08CCB51F4265A9DB5E2 /* Pods_WhackAPivotSwiftTests.framework */ = {isa = PBXFileReference; explicitFileType = wrapper.framework; includeInIndex = 0; path = Pods_WhackAPivotSwiftTests.framework; sourceTree = BUILT_PRODUCTS_DIR; };
		AE3B6DA51CA456100018706F /* Quick.framework */ = {isa = PBXFileReference; lastKnownFileType = wrapper.framework; name = Quick.framework; path = "Pods/../build/Debug-iphoneos/Quick.framework"; sourceTree = "<group>"; };
		AE3B6DA61CA456100018706F /* Swinject.framework */ = {isa = PBXFileReference; lastKnownFileType = wrapper.framework; name = Swinject.framework; path = "Pods/../build/Debug-iphoneos/Swinject.framework"; sourceTree = "<group>"; };
		A35BFBBC1CB211A6004AC2AA /* SwinjectSpec.swift */ = {isa = PBXFileReference; fileEncoding = 4; lastKnownFileType = sourcecode.swift; path = SwinjectSpec.swift; sourceTree = "<group>"; };
		A35BFBCF1CB215A7004AC2AA /* SwinjectStoryboard+Setup.swift */ = {isa = PBXFileReference; fileEncoding = 4; lastKnownFileType = sourcecode.swift; path = "SwinjectStoryboard+Setup.swift"; sourceTree = "<group>"; };
		A35BFBD71CB21902004AC2AA /* TestAppDelegate.swift */ = {isa = PBXFileReference; fileEncoding = 4; lastKnownFileType = sourcecode.swift; path = TestAppDelegate.swift; sourceTree = "<group>"; };
		A35BFBAC1CB20CFC004AC2AA /* ViewController.swift */ = {isa = PBXFileReference; fileEncoding = 4; lastKnownFileType = sourcecode.swift; name = ViewController.swift; path = Controllers/ViewController.swift; sourceTree = "<group>"; };
		A35BFBBA1CB2119E004AC2AA /* ViewControllerSpec.swift */ = {isa = PBXFileReference; fileEncoding = 4; lastKnownFileType = sourcecode.swift; path = ViewControllerSpec.swift; sourceTree = "<group>"; };
		AE9C65641CA4508E0017DDF2 /* WhackAPivotSwift.app */ = {isa = PBXFileReference; explicitFileType = wrapper.application; includeInIndex = 0; path = WhackAPivotSwift.app; sourceTree = BUILT_PRODUCTS_DIR; };
		AE9C65781CA4508E0017DDF2 /* WhackAPivotSwiftTests.xctest */ = {isa = PBXFileReference; explicitFileType = wrapper.cfbundle; includeInIndex = 0; path = WhackAPivotSwiftTests.xctest; sourceTree = BUILT_PRODUCTS_DIR; };
		AE9C65871CA4508E0017DDF2 /* WhackAPivotSwiftUITests.swift */ = {isa = PBXFileReference; lastKnownFileType = sourcecode.swift; path = WhackAPivotSwiftUITests.swift; sourceTree = "<group>"; };
		AE9C65831CA4508E0017DDF2 /* WhackAPivotSwiftUITests.xctest */ = {isa = PBXFileReference; explicitFileType = wrapper.cfbundle; includeInIndex = 0; path = WhackAPivotSwiftUITests.xctest; sourceTree = BUILT_PRODUCTS_DIR; };
		AE35FAE71CAAEB0C0083EFE2 /* main.swift */ = {isa = PBXFileReference; fileEncoding = 4; lastKnownFileType = sourcecode.swift; path = main.swift; sourceTree = "<group>"; };
/* End PBXFileReference section */

/* Begin PBXFrameworksBuildPhase section */
		AE9C65611CA4508E0017DDF2 /* Frameworks */ = {
			isa = PBXFrameworksBuildPhase;
			buildActionMask = 2147483647;
			files = (
				65F99F08E14C94BB9ECBB64C /* Pods_WhackAPivotSwift.framework in Frameworks */,
			);
			runOnlyForDeploymentPostprocessing = 0;
		};
		AE9C65751CA4508E0017DDF2 /* Frameworks */ = {
			isa = PBXFrameworksBuildPhase;
			buildActionMask = 2147483647;
			files = (
				9CE9D6C16A1DDBB43F38A4F9 /* Pods_WhackAPivotSwiftTests.framework in Frameworks */,
			);
			runOnlyForDeploymentPostprocessing = 0;
		};
		AE9C65801CA4508E0017DDF2 /* Frameworks */ = {
			isa = PBXFrameworksBuildPhase;
			buildActionMask = 2147483647;
			files = (
			);
			runOnlyForDeploymentPostprocessing = 0;
		};
/* End PBXFrameworksBuildPhase section */

/* Begin PBXGroup section */
		AE9C655B1CA4508E0017DDF2 = {
			isa = PBXGroup;
			children = (
				8554DB280D7803B8844523E9 /* Frameworks */,
				12D989BDB9DAC914AF963D17 /* Pods */,
				AE9C65651CA4508E0017DDF2 /* Products */,
				AE9C65661CA4508E0017DDF2 /* WhackAPivotSwift */,
				AE9C657B1CA4508E0017DDF2 /* WhackAPivotSwiftTests */,
				AE9C65861CA4508E0017DDF2 /* WhackAPivotSwiftUITests */,
			);
			sourceTree = "<group>";
		};
		AE35FA781CA5E7D40083EFE2 /* Controllers */ = {
			isa = PBXGroup;
			children = (
				AE80D80E1CB33F8A00AF3488 /* LoginViewController.swift */,
				A35BFBAC1CB20CFC004AC2AA /* ViewController.swift */,
				AE83CBAC1CB347380030378E /* fakes */,
			);
			name = Controllers;
			sourceTree = "<group>";
		};
		AE35FA791CA5E7EC0083EFE2 /* Controllers */ = {
			isa = PBXGroup;
			children = (
				AE80D8101CB33FE900AF3488 /* LoginViewControllerSpec.swift */,
				A35BFBBA1CB2119E004AC2AA /* ViewControllerSpec.swift */,
			);
			path = Controllers;
			sourceTree = "<group>";
		};
		AE35FA7A1CA5E7F50083EFE2 /* Fakes */ = {
			isa = PBXGroup;
			children = (
				A35BFBC51CB2127E004AC2AA /* FakePeopleChoicesAndTargetService.swift */,
				AEBB8F7A1CB318150050A0D4 /* FakePeopleRandomizer.swift */,
				A35BFBC71CB2127E004AC2AA /* FakePeopleService.swift */,
			);
			name = Fakes;
			sourceTree = "<group>";
		};
		8554DB280D7803B8844523E9 /* Frameworks */ = {
			isa = PBXGroup;
			children = (
				AE3B6DA41CA456100018706F /* Nimble.framework */,
				24ADDDE900C94BD3ACDDFA3D /* Pods_WhackAPivotSwift.framework */,
				AE3B6DAA1CA45BF30018706F /* Pods_WhackAPivotSwiftTests.framework */,
				EBF3A08CCB51F4265A9DB5E2 /* Pods_WhackAPivotSwiftTests.framework */,
				AE3B6DA51CA456100018706F /* Quick.framework */,
				AE3B6DA61CA456100018706F /* Swinject.framework */,
			);
			name = Frameworks;
			sourceTree = "<group>";
		};
		A35BFBAE1CB20D25004AC2AA /* Main */ = {
			isa = PBXGroup;
			children = (
				AE9C65671CA4508E0017DDF2 /* AppDelegate.swift */,
				A35BFBB11CB20FC6004AC2AA /* Bar.swift */,
				A35BFBCF1CB215A7004AC2AA /* SwinjectStoryboard+Setup.swift */,
				A35BFBD71CB21902004AC2AA /* TestAppDelegate.swift */,
				AE35FAE71CAAEB0C0083EFE2 /* main.swift */,
			);
			path = Main;
			sourceTree = "<group>";
		};
		AE4D9DE71CA48CF40037EC59 /* Models */ = {
			isa = PBXGroup;
			children = (
				A35BFBA81CB20CE8004AC2AA /* PeopleChoicesAndTarget.swift */,
				A35BFBA91CB20CE8004AC2AA /* Person.swift */,
			);
			name = Models;
			sourceTree = "<group>";
		};
		12D989BDB9DAC914AF963D17 /* Pods */ = {
			isa = PBXGroup;
			children = (
				9902A65C5C8765A1DF63D710 /* Pods-WhackAPivotSwift.debug.xcconfig */,
				DCF87B72EF1E197CD6BAB99D /* Pods-WhackAPivotSwift.release.xcconfig */,
				6B5012F94A425348A0AD92AC /* Pods-WhackAPivotSwiftTests.debug.xcconfig */,
				E406990A24A3B2F5C30DB9C5 /* Pods-WhackAPivotSwiftTests.release.xcconfig */,
			);
			name = Pods;
			sourceTree = "<group>";
		};
		AE9C65651CA4508E0017DDF2 /* Products */ = {
			isa = PBXGroup;
			children = (
				AE9C65641CA4508E0017DDF2 /* WhackAPivotSwift.app */,
				AE9C65781CA4508E0017DDF2 /* WhackAPivotSwiftTests.xctest */,
				AE9C65831CA4508E0017DDF2 /* WhackAPivotSwiftUITests.xctest */,
			);
			name = Products;
			sourceTree = "<group>";
		};
		AE2A3CD71CAF2116006E3C54 /* Services */ = {
			isa = PBXGroup;
			children = (
				A35BFBB81CB21194004AC2AA /* PeopleChoicesAndTargetServiceSpec.swift */,
				A3DEF3761CB21DCD006B3452 /* PeopleRandomizerSpec.swift */,
			);
			path = Services;
			sourceTree = "<group>";
		};
		AE4D9DE31CA48C2B0037EC59 /* Services */ = {
			isa = PBXGroup;
			children = (
				A35BFBA01CB20C9B004AC2AA /* PeopleChoicesAndTargetService.swift */,
				A35BFBA11CB20C9B004AC2AA /* PeopleRandomizer.swift */,
				A35BFBA21CB20C9B004AC2AA /* PeopleService.swift */,
			);
			name = Services;
			sourceTree = "<group>";
		};
		AE35FA771CA5E7C20083EFE2 /* Storyboards */ = {
			isa = PBXGroup;
			children = (
				A35BFBCB1CB2157C004AC2AA /* LaunchScreen.storyboard */,
				A35BFBCC1CB2157C004AC2AA /* Main.storyboard */,
			);
			name = Storyboards;
			sourceTree = "<group>";
		};
		AE35FA7C1CA5EBFF0083EFE2 /* Support */ = {
			isa = PBXGroup;
			children = (
				A35BFBBC1CB211A6004AC2AA /* SwinjectSpec.swift */,
			);
			path = Support;
			sourceTree = "<group>";
		};
		A35BFB9B1CB1EC1F004AC2AA /* Utilities */ = {
			isa = PBXGroup;
			children = (
				A35BFBA61CB20CD8004AC2AA /* PersonDisplayer.swift */,
			);
			name = Utilities;
			sourceTree = "<group>";
		};
		AE9C65661CA4508E0017DDF2 /* WhackAPivotSwift */ = {
			isa = PBXGroup;
			children = (
				AE9C656E1CA4508E0017DDF2 /* Assets.xcassets */,
				AE35FA781CA5E7D40083EFE2 /* Controllers */,
				A35BFBD31CB2180C004AC2AA /* Info.plist */,
				A35BFBAE1CB20D25004AC2AA /* Main */,
				AE4D9DE71CA48CF40037EC59 /* Models */,
				AE4D9DE31CA48C2B0037EC59 /* Services */,
				AE35FA771CA5E7C20083EFE2 /* Storyboards */,
				A35BFB9B1CB1EC1F004AC2AA /* Utilities */,
			);
			path = WhackAPivotSwift;
			sourceTree = "<group>";
		};
		AE9C657B1CA4508E0017DDF2 /* WhackAPivotSwiftTests */ = {
			isa = PBXGroup;
			children = (
				AE35FA791CA5E7EC0083EFE2 /* Controllers */,
				AE35FA7A1CA5E7F50083EFE2 /* Fakes */,
				A35BFBD51CB2189C004AC2AA /* Info.plist */,
				AE2A3CD71CAF2116006E3C54 /* Services */,
				AE35FA7C1CA5EBFF0083EFE2 /* Support */,
			);
			path = WhackAPivotSwiftTests;
			sourceTree = "<group>";
		};
		AE9C65861CA4508E0017DDF2 /* WhackAPivotSwiftUITests */ = {
			isa = PBXGroup;
			children = (
				AE9C65891CA4508E0017DDF2 /* Info.plist */,
				AE9C65871CA4508E0017DDF2 /* WhackAPivotSwiftUITests.swift */,
			);
			path = WhackAPivotSwiftUITests;
			sourceTree = "<group>";
		};
		AE83CBAC1CB347380030378E /* fakes */ = {
			isa = PBXGroup;
			children = (
				AE83CBAD1CB347380030378E /* FakeLoginViewControllerDelegate.swift */,
			);
			path = fakes;
			sourceTree = "<group>";
		};
/* End PBXGroup section */

/* Begin PBXNativeTarget section */
		AE9C65631CA4508E0017DDF2 /* WhackAPivotSwift */ = {
			isa = PBXNativeTarget;
			buildConfigurationList = AE9C658C1CA4508E0017DDF2 /* Build configuration list for PBXNativeTarget "WhackAPivotSwift" */;
			buildPhases = (
				178495FDDBE31181B9BEA04D /* Check Pods Manifest.lock */,
				AE9C65601CA4508E0017DDF2 /* Sources */,
				AE9C65611CA4508E0017DDF2 /* Frameworks */,
				AE9C65621CA4508E0017DDF2 /* Resources */,
				4EFC839D91729F9A01D9C741 /* Embed Pods Frameworks */,
				9368DD8DC3EAF44EC34C57CC /* Copy Pods Resources */,
				AE5591F41CADE6270000941F /* Embed Fabric Framework */,
			);
			buildRules = (
			);
			dependencies = (
			);
			name = WhackAPivotSwift;
			productName = WhackAPivotSwift;
			productReference = AE9C65641CA4508E0017DDF2 /* WhackAPivotSwift.app */;
			productType = "com.apple.product-type.application";
		};
		AE9C65771CA4508E0017DDF2 /* WhackAPivotSwiftTests */ = {
			isa = PBXNativeTarget;
			buildConfigurationList = AE9C658F1CA4508E0017DDF2 /* Build configuration list for PBXNativeTarget "WhackAPivotSwiftTests" */;
			buildPhases = (
				2A49006CBDF68D738886DE66 /* Check Pods Manifest.lock */,
				AE9C65741CA4508E0017DDF2 /* Sources */,
				AE9C65751CA4508E0017DDF2 /* Frameworks */,
				AE9C65761CA4508E0017DDF2 /* Resources */,
				CCFFA8875EE5F2FEAB8CB4FE /* Embed Pods Frameworks */,
				27F2AF61AF63225A20973302 /* Copy Pods Resources */,
			);
			buildRules = (
			);
			dependencies = (
				AE9C657A1CA4508E0017DDF2 /* PBXTargetDependency */,
			);
			name = WhackAPivotSwiftTests;
			productName = WhackAPivotSwiftTests;
			productReference = AE9C65781CA4508E0017DDF2 /* WhackAPivotSwiftTests.xctest */;
			productType = "com.apple.product-type.bundle.unit-test";
		};
		AE9C65821CA4508E0017DDF2 /* WhackAPivotSwiftUITests */ = {
			isa = PBXNativeTarget;
			buildConfigurationList = AE9C65921CA4508E0017DDF2 /* Build configuration list for PBXNativeTarget "WhackAPivotSwiftUITests" */;
			buildPhases = (
				AE9C657F1CA4508E0017DDF2 /* Sources */,
				AE9C65801CA4508E0017DDF2 /* Frameworks */,
				AE9C65811CA4508E0017DDF2 /* Resources */,
			);
			buildRules = (
			);
			dependencies = (
				AE9C65851CA4508E0017DDF2 /* PBXTargetDependency */,
			);
			name = WhackAPivotSwiftUITests;
			productName = WhackAPivotSwiftUITests;
			productReference = AE9C65831CA4508E0017DDF2 /* WhackAPivotSwiftUITests.xctest */;
			productType = "com.apple.product-type.bundle.ui-testing";
		};
/* End PBXNativeTarget section */

/* Begin PBXProject section */
		AE9C655C1CA4508E0017DDF2 /* Project object */ = {
			isa = PBXProject;
			attributes = {
				LastSwiftUpdateCheck = 0720;
				LastUpgradeCheck = 0730;
				ORGANIZATIONNAME = Pivotal;
				TargetAttributes = {
					AE9C65631CA4508E0017DDF2 = {
						CreatedOnToolsVersion = 7.2.1;
						DevelopmentTeam = 22XZS247UC;
					};
					AE9C65771CA4508E0017DDF2 = {
						CreatedOnToolsVersion = 7.2.1;
						TestTargetID = AE9C65631CA4508E0017DDF2;
					};
					AE9C65821CA4508E0017DDF2 = {
						CreatedOnToolsVersion = 7.2.1;
						TestTargetID = AE9C65631CA4508E0017DDF2;
					};
				};
			};
			buildConfigurationList = AE9C655F1CA4508E0017DDF2 /* Build configuration list for PBXProject "WhackAPivotSwift" */;
			compatibilityVersion = "Xcode 3.2";
			developmentRegion = English;
			hasScannedForEncodings = 0;
			knownRegions = (
				en,
				Base,
			);
			mainGroup = AE9C655B1CA4508E0017DDF2;
			productRefGroup = AE9C65651CA4508E0017DDF2 /* Products */;
			projectDirPath = "";
			projectRoot = "";
			targets = (
				AE9C65631CA4508E0017DDF2 /* WhackAPivotSwift */,
				AE9C65771CA4508E0017DDF2 /* WhackAPivotSwiftTests */,
				AE9C65821CA4508E0017DDF2 /* WhackAPivotSwiftUITests */,
			);
		};
/* End PBXProject section */

/* Begin PBXResourcesBuildPhase section */
		AE9C65621CA4508E0017DDF2 /* Resources */ = {
			isa = PBXResourcesBuildPhase;
			buildActionMask = 2147483647;
			files = (
				AE9C656F1CA4508E0017DDF2 /* Assets.xcassets in Resources */,
				A35BFBCD1CB2157C004AC2AA /* LaunchScreen.storyboard in Resources */,
				A35BFBCE1CB2157C004AC2AA /* Main.storyboard in Resources */,
			);
			runOnlyForDeploymentPostprocessing = 0;
		};
		AE9C65761CA4508E0017DDF2 /* Resources */ = {
			isa = PBXResourcesBuildPhase;
			buildActionMask = 2147483647;
			files = (
			);
			runOnlyForDeploymentPostprocessing = 0;
		};
		AE9C65811CA4508E0017DDF2 /* Resources */ = {
			isa = PBXResourcesBuildPhase;
			buildActionMask = 2147483647;
			files = (
			);
			runOnlyForDeploymentPostprocessing = 0;
		};
/* End PBXResourcesBuildPhase section */

/* Begin PBXShellScriptBuildPhase section */
		178495FDDBE31181B9BEA04D /* Check Pods Manifest.lock */ = {
			isa = PBXShellScriptBuildPhase;
			buildActionMask = 2147483647;
			files = (
			);
			inputPaths = (
			);
			name = "Check Pods Manifest.lock";
			outputPaths = (
			);
			runOnlyForDeploymentPostprocessing = 0;
			shellPath = /bin/sh;
			shellScript = "diff \"${PODS_ROOT}/../Podfile.lock\" \"${PODS_ROOT}/Manifest.lock\" > /dev/null\nif [[ $? != 0 ]] ; then\n    cat << EOM\nerror: The sandbox is not in sync with the Podfile.lock. Run 'pod install' or update your CocoaPods installation.\nEOM\n    exit 1\nfi\n";
			showEnvVarsInLog = 0;
		};
		27F2AF61AF63225A20973302 /* Copy Pods Resources */ = {
			isa = PBXShellScriptBuildPhase;
			buildActionMask = 2147483647;
			files = (
			);
			inputPaths = (
			);
			name = "Copy Pods Resources";
			outputPaths = (
			);
			runOnlyForDeploymentPostprocessing = 0;
			shellPath = /bin/sh;
			shellScript = "\"${SRCROOT}/Pods/Target Support Files/Pods-WhackAPivotSwiftTests/Pods-WhackAPivotSwiftTests-resources.sh\"\n";
			showEnvVarsInLog = 0;
		};
		2A49006CBDF68D738886DE66 /* Check Pods Manifest.lock */ = {
			isa = PBXShellScriptBuildPhase;
			buildActionMask = 2147483647;
			files = (
			);
			inputPaths = (
			);
			name = "Check Pods Manifest.lock";
			outputPaths = (
			);
			runOnlyForDeploymentPostprocessing = 0;
			shellPath = /bin/sh;
			shellScript = "diff \"${PODS_ROOT}/../Podfile.lock\" \"${PODS_ROOT}/Manifest.lock\" > /dev/null\nif [[ $? != 0 ]] ; then\n    cat << EOM\nerror: The sandbox is not in sync with the Podfile.lock. Run 'pod install' or update your CocoaPods installation.\nEOM\n    exit 1\nfi\n";
			showEnvVarsInLog = 0;
		};
		4EFC839D91729F9A01D9C741 /* Embed Pods Frameworks */ = {
			isa = PBXShellScriptBuildPhase;
			buildActionMask = 2147483647;
			files = (
			);
			inputPaths = (
			);
			name = "Embed Pods Frameworks";
			outputPaths = (
			);
			runOnlyForDeploymentPostprocessing = 0;
			shellPath = /bin/sh;
			shellScript = "\"${SRCROOT}/Pods/Target Support Files/Pods-WhackAPivotSwift/Pods-WhackAPivotSwift-frameworks.sh\"\n";
			showEnvVarsInLog = 0;
		};
		9368DD8DC3EAF44EC34C57CC /* Copy Pods Resources */ = {
			isa = PBXShellScriptBuildPhase;
			buildActionMask = 2147483647;
			files = (
			);
			inputPaths = (
			);
			name = "Copy Pods Resources";
			outputPaths = (
			);
			runOnlyForDeploymentPostprocessing = 0;
			shellPath = /bin/sh;
			shellScript = "\"${SRCROOT}/Pods/Target Support Files/Pods-WhackAPivotSwift/Pods-WhackAPivotSwift-resources.sh\"\n";
			showEnvVarsInLog = 0;
		};
		AE5591F41CADE6270000941F /* Embed Fabric Framework */ = {
			isa = PBXShellScriptBuildPhase;
			buildActionMask = 2147483647;
			files = (
			);
			inputPaths = (
			);
			name = "Embed Fabric Framework";
			outputPaths = (
			);
			runOnlyForDeploymentPostprocessing = 0;
			shellPath = /bin/sh;
			shellScript = "\"${PODS_ROOT}/Fabric/run\" 23fb4ec1d38e04b6f9e451e7daf6a4acac02c422 23148e93cebbbdc8e7e5a07bf3ff8272ca2227a79be0f2870f7475850087e5b4";
		};
		CCFFA8875EE5F2FEAB8CB4FE /* Embed Pods Frameworks */ = {
			isa = PBXShellScriptBuildPhase;
			buildActionMask = 2147483647;
			files = (
			);
			inputPaths = (
			);
			name = "Embed Pods Frameworks";
			outputPaths = (
			);
			runOnlyForDeploymentPostprocessing = 0;
			shellPath = /bin/sh;
			shellScript = "\"${SRCROOT}/Pods/Target Support Files/Pods-WhackAPivotSwiftTests/Pods-WhackAPivotSwiftTests-frameworks.sh\"\n";
			showEnvVarsInLog = 0;
		};
/* End PBXShellScriptBuildPhase section */

/* Begin PBXSourcesBuildPhase section */
		AE9C65601CA4508E0017DDF2 /* Sources */ = {
			isa = PBXSourcesBuildPhase;
			buildActionMask = 2147483647;
			files = (
				AE9C65681CA4508E0017DDF2 /* AppDelegate.swift in Sources */,
				AE80D80F1CB33F8A00AF3488 /* LoginViewController.swift in Sources */,
				A35BFBAA1CB20CE8004AC2AA /* PeopleChoicesAndTarget.swift in Sources */,
				A35BFBA31CB20C9B004AC2AA /* PeopleChoicesAndTargetService.swift in Sources */,
				A35BFBA41CB20C9B004AC2AA /* PeopleRandomizer.swift in Sources */,
				A35BFBA51CB20C9B004AC2AA /* PeopleService.swift in Sources */,
				A35BFBAB1CB20CE8004AC2AA /* Person.swift in Sources */,
				A35BFBA71CB20CD8004AC2AA /* PersonDisplayer.swift in Sources */,
				A35BFBD01CB215A7004AC2AA /* SwinjectStoryboard+Setup.swift in Sources */,
				A35BFBD81CB21902004AC2AA /* TestAppDelegate.swift in Sources */,
				A35BFBAD1CB20CFC004AC2AA /* ViewController.swift in Sources */,
				AE35FAE81CAAEB0C0083EFE2 /* main.swift in Sources */,
			);
			runOnlyForDeploymentPostprocessing = 0;
		};
		AE9C65741CA4508E0017DDF2 /* Sources */ = {
			isa = PBXSourcesBuildPhase;
			buildActionMask = 2147483647;
			files = (
				AE83CBAE1CB34EB80030378E /* FakeLoginViewControllerDelegate.swift in Sources */,
				A35BFBC81CB2127E004AC2AA /* FakePeopleChoicesAndTargetService.swift in Sources */,
				AEBB8F7B1CB318420050A0D4 /* FakePeopleRandomizer.swift in Sources */,
				A35BFBCA1CB2127E004AC2AA /* FakePeopleService.swift in Sources */,
				AE80D8111CB33FE900AF3488 /* LoginViewControllerSpec.swift in Sources */,
				A35BFBB91CB21194004AC2AA /* PeopleChoicesAndTargetServiceSpec.swift in Sources */,
				A3DEF3771CB21DCD006B3452 /* PeopleRandomizerSpec.swift in Sources */,
				A35BFBBD1CB211A6004AC2AA /* SwinjectSpec.swift in Sources */,
				A35BFBBB1CB2119E004AC2AA /* ViewControllerSpec.swift in Sources */,
			);
			runOnlyForDeploymentPostprocessing = 0;
		};
		AE9C657F1CA4508E0017DDF2 /* Sources */ = {
			isa = PBXSourcesBuildPhase;
			buildActionMask = 2147483647;
			files = (
				AE9C65881CA4508E0017DDF2 /* WhackAPivotSwiftUITests.swift in Sources */,
			);
			runOnlyForDeploymentPostprocessing = 0;
		};
/* End PBXSourcesBuildPhase section */

/* Begin PBXTargetDependency section */
		AE9C657A1CA4508E0017DDF2 /* PBXTargetDependency */ = {
			isa = PBXTargetDependency;
			target = AE9C65631CA4508E0017DDF2 /* WhackAPivotSwift */;
			targetProxy = AE9C65791CA4508E0017DDF2 /* PBXContainerItemProxy */;
		};
		AE9C65851CA4508E0017DDF2 /* PBXTargetDependency */ = {
			isa = PBXTargetDependency;
			target = AE9C65631CA4508E0017DDF2 /* WhackAPivotSwift */;
			targetProxy = AE9C65841CA4508E0017DDF2 /* PBXContainerItemProxy */;
		};
/* End PBXTargetDependency section */

/* Begin XCBuildConfiguration section */
		AE9C658A1CA4508E0017DDF2 /* Debug */ = {
			isa = XCBuildConfiguration;
			buildSettings = {
				ALWAYS_SEARCH_USER_PATHS = NO;
				APP_DELEGATE_NAME = WhackAPivotSwift.TestAppDelegate;
				CLANG_CXX_LANGUAGE_STANDARD = "gnu++0x";
				CLANG_CXX_LIBRARY = "libc++";
				CLANG_ENABLE_MODULES = YES;
				CLANG_ENABLE_OBJC_ARC = YES;
				CLANG_WARN_BOOL_CONVERSION = YES;
				CLANG_WARN_CONSTANT_CONVERSION = YES;
				CLANG_WARN_DIRECT_OBJC_ISA_USAGE = YES_ERROR;
				CLANG_WARN_EMPTY_BODY = YES;
				CLANG_WARN_ENUM_CONVERSION = YES;
				CLANG_WARN_INT_CONVERSION = YES;
				CLANG_WARN_OBJC_ROOT_CLASS = YES_ERROR;
				CLANG_WARN_UNREACHABLE_CODE = YES;
				CLANG_WARN__DUPLICATE_METHOD_MATCH = YES;
				CODE_SIGN_IDENTITY = "iPhone Developer: Peter Alfvin (SD224DZYP4)";
				"CODE_SIGN_IDENTITY[sdk=iphoneos*]" = "iPhone Developer: Peter Alfvin (SD224DZYP4)";
				COPY_PHASE_STRIP = NO;
				CURRENT_PROJECT_VERSION = 17;
				DEBUG_INFORMATION_FORMAT = dwarf;
				ENABLE_STRICT_OBJC_MSGSEND = YES;
				ENABLE_TESTABILITY = YES;
				GCC_C_LANGUAGE_STANDARD = gnu99;
				GCC_DYNAMIC_NO_PIC = NO;
				GCC_NO_COMMON_BLOCKS = YES;
				GCC_OPTIMIZATION_LEVEL = 0;
				GCC_PREPROCESSOR_DEFINITIONS = (
					"DEBUG=1",
					"$(inherited)",
				);
				GCC_WARN_64_TO_32_BIT_CONVERSION = YES;
				GCC_WARN_ABOUT_RETURN_TYPE = YES_ERROR;
				GCC_WARN_UNDECLARED_SELECTOR = YES;
				GCC_WARN_UNINITIALIZED_AUTOS = YES_AGGRESSIVE;
				GCC_WARN_UNUSED_FUNCTION = YES;
				GCC_WARN_UNUSED_VARIABLE = YES;
				IPHONEOS_DEPLOYMENT_TARGET = 8.4;
				MTL_ENABLE_DEBUG_INFO = YES;
				ONLY_ACTIVE_ARCH = YES;
				PROVISIONING_PROFILE = "2e1f1c43-079c-459d-8624-583889f95d48";
				SDKROOT = iphoneos;
				SWIFT_OPTIMIZATION_LEVEL = "-Onone";
				TARGETED_DEVICE_FAMILY = "1,2";
				VERSIONING_SYSTEM = "apple-generic";
			};
			name = Debug;
		};
		AE9C658B1CA4508E0017DDF2 /* Release */ = {
			isa = XCBuildConfiguration;
			buildSettings = {
				ALWAYS_SEARCH_USER_PATHS = NO;
				APP_DELEGATE_NAME = WhackAPivotSwift.AppDelegate;
				CLANG_CXX_LANGUAGE_STANDARD = "gnu++0x";
				CLANG_CXX_LIBRARY = "libc++";
				CLANG_ENABLE_MODULES = YES;
				CLANG_ENABLE_OBJC_ARC = YES;
				CLANG_WARN_BOOL_CONVERSION = YES;
				CLANG_WARN_CONSTANT_CONVERSION = YES;
				CLANG_WARN_DIRECT_OBJC_ISA_USAGE = YES_ERROR;
				CLANG_WARN_EMPTY_BODY = YES;
				CLANG_WARN_ENUM_CONVERSION = YES;
				CLANG_WARN_INT_CONVERSION = YES;
				CLANG_WARN_OBJC_ROOT_CLASS = YES_ERROR;
				CLANG_WARN_UNREACHABLE_CODE = YES;
				CLANG_WARN__DUPLICATE_METHOD_MATCH = YES;
				CODE_SIGN_IDENTITY = "iPhone Distribution: Peter Alfvin (22XZS247UC)";
				"CODE_SIGN_IDENTITY[sdk=iphoneos*]" = "iPhone Distribution: Peter Alfvin (22XZS247UC)";
				COPY_PHASE_STRIP = NO;
				CURRENT_PROJECT_VERSION = 17;
				DEBUG_INFORMATION_FORMAT = "dwarf-with-dsym";
				ENABLE_NS_ASSERTIONS = NO;
				ENABLE_STRICT_OBJC_MSGSEND = YES;
				GCC_C_LANGUAGE_STANDARD = gnu99;
				GCC_NO_COMMON_BLOCKS = YES;
				GCC_WARN_64_TO_32_BIT_CONVERSION = YES;
				GCC_WARN_ABOUT_RETURN_TYPE = YES_ERROR;
				GCC_WARN_UNDECLARED_SELECTOR = YES;
				GCC_WARN_UNINITIALIZED_AUTOS = YES_AGGRESSIVE;
				GCC_WARN_UNUSED_FUNCTION = YES;
				GCC_WARN_UNUSED_VARIABLE = YES;
				IPHONEOS_DEPLOYMENT_TARGET = 8.4;
				MTL_ENABLE_DEBUG_INFO = NO;
				PROVISIONING_PROFILE = "d97f40ce-d9a8-45c8-b1a2-27d18c005de7";
				SDKROOT = iphoneos;
				TARGETED_DEVICE_FAMILY = "1,2";
				VALIDATE_PRODUCT = YES;
				VERSIONING_SYSTEM = "apple-generic";
			};
			name = Release;
		};
		AE9C658D1CA4508E0017DDF2 /* Debug */ = {
			isa = XCBuildConfiguration;
			baseConfigurationReference = 9902A65C5C8765A1DF63D710 /* Pods-WhackAPivotSwift.debug.xcconfig */;
			buildSettings = {
				ASSETCATALOG_COMPILER_APPICON_NAME = AppIcon;
				CODE_SIGN_IDENTITY = "iPhone Developer";
				"CODE_SIGN_IDENTITY[sdk=iphoneos*]" = "iPhone Developer";
				DEBUG_INFORMATION_FORMAT = "dwarf-with-dsym";
				DEFINES_MODULE = YES;
				FRAMEWORK_SEARCH_PATHS = (
					"$(inherited)",
					"$(PROJECT_DIR)/build/Debug-iphoneos",
				);
				GCC_OPTIMIZATION_LEVEL = 0;
				INFOPLIST_FILE = WhackAPivotSwift/Info.plist;
				LD_RUNPATH_SEARCH_PATHS = "$(inherited) @executable_path/Frameworks";
				PRODUCT_BUNDLE_IDENTIFIER = com.LAPivotalBeach.WhackAPivotSwift;
				PRODUCT_NAME = "$(TARGET_NAME)";
				PROVISIONING_PROFILE = "";
				STRIP_INSTALLED_PRODUCT = NO;
				TARGETED_DEVICE_FAMILY = 1;
			};
			name = Debug;
		};
		AE9C658E1CA4508E0017DDF2 /* Release */ = {
			isa = XCBuildConfiguration;
			baseConfigurationReference = DCF87B72EF1E197CD6BAB99D /* Pods-WhackAPivotSwift.release.xcconfig */;
			buildSettings = {
				ASSETCATALOG_COMPILER_APPICON_NAME = AppIcon;
				CODE_SIGN_IDENTITY = "iPhone Distribution";
				"CODE_SIGN_IDENTITY[sdk=iphoneos*]" = "iPhone Distribution";
				DEFINES_MODULE = YES;
				ENABLE_TESTABILITY = YES;
				FRAMEWORK_SEARCH_PATHS = (
					"$(inherited)",
					"$(PROJECT_DIR)/build/Debug-iphoneos",
				);
				GCC_OPTIMIZATION_LEVEL = 0;
				INFOPLIST_FILE = WhackAPivotSwift/Info.plist;
				LD_RUNPATH_SEARCH_PATHS = "$(inherited) @executable_path/Frameworks";
				ONLY_ACTIVE_ARCH = YES;
				PRODUCT_BUNDLE_IDENTIFIER = com.LAPivotalBeach.WhackAPivotSwift;
				PRODUCT_NAME = "$(TARGET_NAME)";
				PROVISIONING_PROFILE = "";
				STRIP_INSTALLED_PRODUCT = NO;
				SWIFT_OPTIMIZATION_LEVEL = "-Onone";
				TARGETED_DEVICE_FAMILY = 1;
				VALIDATE_PRODUCT = NO;
			};
			name = Release;
		};
		AE9C65901CA4508E0017DDF2 /* Debug */ = {
			isa = XCBuildConfiguration;
			baseConfigurationReference = 6B5012F94A425348A0AD92AC /* Pods-WhackAPivotSwiftTests.debug.xcconfig */;
			buildSettings = {
				BUNDLE_LOADER = "$(TEST_HOST)";
				DEFINES_MODULE = YES;
				INFOPLIST_FILE = WhackAPivotSwiftTests/Info.plist;
				LD_RUNPATH_SEARCH_PATHS = "$(inherited) @executable_path/Frameworks @loader_path/Frameworks";
				PRODUCT_BUNDLE_IDENTIFIER = com.LAPivotalBeach.WhackAPivotSwiftTests;
				PRODUCT_NAME = "$(TARGET_NAME)";
				TEST_HOST = "$(BUILT_PRODUCTS_DIR)/WhackAPivotSwift.app/WhackAPivotSwift";
			};
			name = Debug;
		};
		AE9C65911CA4508E0017DDF2 /* Release */ = {
			isa = XCBuildConfiguration;
			baseConfigurationReference = E406990A24A3B2F5C30DB9C5 /* Pods-WhackAPivotSwiftTests.release.xcconfig */;
			buildSettings = {
				BUNDLE_LOADER = "$(TEST_HOST)";
				DEFINES_MODULE = YES;
				INFOPLIST_FILE = WhackAPivotSwiftTests/Info.plist;
				LD_RUNPATH_SEARCH_PATHS = "$(inherited) @executable_path/Frameworks @loader_path/Frameworks";
				PRODUCT_BUNDLE_IDENTIFIER = com.LAPivotalBeach.WhackAPivotSwiftTests;
				PRODUCT_NAME = "$(TARGET_NAME)";
				TEST_HOST = "$(BUILT_PRODUCTS_DIR)/WhackAPivotSwift.app/WhackAPivotSwift";
			};
			name = Release;
		};
		AE9C65931CA4508E0017DDF2 /* Debug */ = {
			isa = XCBuildConfiguration;
			buildSettings = {
				INFOPLIST_FILE = WhackAPivotSwiftUITests/Info.plist;
				LD_RUNPATH_SEARCH_PATHS = "$(inherited) @executable_path/Frameworks @loader_path/Frameworks";
				PRODUCT_BUNDLE_IDENTIFIER = com.LAPivotalBeach.WhackAPivotSwiftUITests;
				PRODUCT_NAME = "$(TARGET_NAME)";
				TEST_TARGET_NAME = WhackAPivotSwift;
				USES_XCTRUNNER = YES;
			};
			name = Debug;
		};
		AE9C65941CA4508E0017DDF2 /* Release */ = {
			isa = XCBuildConfiguration;
			buildSettings = {
				INFOPLIST_FILE = WhackAPivotSwiftUITests/Info.plist;
				LD_RUNPATH_SEARCH_PATHS = "$(inherited) @executable_path/Frameworks @loader_path/Frameworks";
				PRODUCT_BUNDLE_IDENTIFIER = com.LAPivotalBeach.WhackAPivotSwiftUITests;
				PRODUCT_NAME = "$(TARGET_NAME)";
				TEST_TARGET_NAME = WhackAPivotSwift;
				USES_XCTRUNNER = YES;
			};
			name = Release;
		};
/* End XCBuildConfiguration section */

/* Begin XCConfigurationList section */
		AE9C655F1CA4508E0017DDF2 /* Build configuration list for PBXProject "WhackAPivotSwift" */ = {
			isa = XCConfigurationList;
			buildConfigurations = (
				AE9C658A1CA4508E0017DDF2 /* Debug */,
				AE9C658B1CA4508E0017DDF2 /* Release */,
			);
			defaultConfigurationIsVisible = 0;
			defaultConfigurationName = Release;
		};
		AE9C658C1CA4508E0017DDF2 /* Build configuration list for PBXNativeTarget "WhackAPivotSwift" */ = {
			isa = XCConfigurationList;
			buildConfigurations = (
				AE9C658D1CA4508E0017DDF2 /* Debug */,
				AE9C658E1CA4508E0017DDF2 /* Release */,
			);
			defaultConfigurationIsVisible = 0;
			defaultConfigurationName = Release;
		};
		AE9C658F1CA4508E0017DDF2 /* Build configuration list for PBXNativeTarget "WhackAPivotSwiftTests" */ = {
			isa = XCConfigurationList;
			buildConfigurations = (
				AE9C65901CA4508E0017DDF2 /* Debug */,
				AE9C65911CA4508E0017DDF2 /* Release */,
			);
			defaultConfigurationIsVisible = 0;
			defaultConfigurationName = Release;
		};
		AE9C65921CA4508E0017DDF2 /* Build configuration list for PBXNativeTarget "WhackAPivotSwiftUITests" */ = {
			isa = XCConfigurationList;
			buildConfigurations = (
				AE9C65931CA4508E0017DDF2 /* Debug */,
				AE9C65941CA4508E0017DDF2 /* Release */,
			);
			defaultConfigurationIsVisible = 0;
			defaultConfigurationName = Release;
		};
/* End XCConfigurationList section */
	};
	rootObject = AE9C655C1CA4508E0017DDF2 /* Project object */;
}
